// !$*UTF8*$!
{
	archiveVersion = 1;
	classes = {
	};
	objectVersion = 46;
	objects = {

/* Begin PBXBuildFile section */
		2E2A03021AEBE04A00113A67 /* Bolts.framework in Frameworks */ = {isa = PBXBuildFile; fileRef = 2E2A02FC1AEBE04A00113A67 /* Bolts.framework */; };
		2E2A03041AEBE04A00113A67 /* ParseCrashReporting.framework in Frameworks */ = {isa = PBXBuildFile; fileRef = 2E2A02FE1AEBE04A00113A67 /* ParseCrashReporting.framework */; };
		2E3699541AEC3BE000975082 /* Parse.framework in Frameworks */ = {isa = PBXBuildFile; fileRef = 2E36994E1AEC3BE000975082 /* Parse.framework */; };
		2E3699551AEC3BE000975082 /* ParseFacebookUtils.framework in Frameworks */ = {isa = PBXBuildFile; fileRef = 2E36994F1AEC3BE000975082 /* ParseFacebookUtils.framework */; };
		2E3699561AEC3BE000975082 /* ParseFacebookUtilsV4.framework in Frameworks */ = {isa = PBXBuildFile; fileRef = 2E3699501AEC3BE000975082 /* ParseFacebookUtilsV4.framework */; };
		2E3699571AEC3BE000975082 /* Bolts.framework in Frameworks */ = {isa = PBXBuildFile; fileRef = 2E3699511AEC3BE000975082 /* Bolts.framework */; };
		2E3699581AEC3BE000975082 /* ParseCrashReporting.framework in Frameworks */ = {isa = PBXBuildFile; fileRef = 2E3699521AEC3BE000975082 /* ParseCrashReporting.framework */; };
		2E3699591AEC3BE000975082 /* ParseUI.framework in Frameworks */ = {isa = PBXBuildFile; fileRef = 2E3699531AEC3BE000975082 /* ParseUI.framework */; };
		2EE86FC41AEBC8D3004CF838 /* libsqlite3.dylib in Frameworks */ = {isa = PBXBuildFile; fileRef = 2EE86FC31AEBC8D3004CF838 /* libsqlite3.dylib */; };
		2EE86FC61AEBC8DA004CF838 /* SystemConfiguration.framework in Frameworks */ = {isa = PBXBuildFile; fileRef = 2EE86FC51AEBC8DA004CF838 /* SystemConfiguration.framework */; };
		2EE86FC81AEBC8DF004CF838 /* StoreKit.framework in Frameworks */ = {isa = PBXBuildFile; fileRef = 2EE86FC71AEBC8DF004CF838 /* StoreKit.framework */; };
		2EE86FCA1AEBC8E8004CF838 /* Security.framework in Frameworks */ = {isa = PBXBuildFile; fileRef = 2EE86FC91AEBC8E8004CF838 /* Security.framework */; };
		2EE86FCC1AEBC8ED004CF838 /* QuartzCore.framework in Frameworks */ = {isa = PBXBuildFile; fileRef = 2EE86FCB1AEBC8ED004CF838 /* QuartzCore.framework */; };
		2EE86FCE1AEBC8F2004CF838 /* MobileCoreServices.framework in Frameworks */ = {isa = PBXBuildFile; fileRef = 2EE86FCD1AEBC8F2004CF838 /* MobileCoreServices.framework */; };
		2EE86FD01AEBC918004CF838 /* libz.dylib in Frameworks */ = {isa = PBXBuildFile; fileRef = 2EE86FCF1AEBC918004CF838 /* libz.dylib */; };
		2EE86FD21AEBC92C004CF838 /* CoreLocation.framework in Frameworks */ = {isa = PBXBuildFile; fileRef = 2EE86FD11AEBC92C004CF838 /* CoreLocation.framework */; };
		2EE86FD41AEBC931004CF838 /* CoreGraphics.framework in Frameworks */ = {isa = PBXBuildFile; fileRef = 2EE86FD31AEBC931004CF838 /* CoreGraphics.framework */; };
		2EE86FD61AEBC936004CF838 /* Foundation.framework in Frameworks */ = {isa = PBXBuildFile; fileRef = 2EE86FD51AEBC936004CF838 /* Foundation.framework */; };
		2EE86FD81AEBC93C004CF838 /* AudioToolbox.framework in Frameworks */ = {isa = PBXBuildFile; fileRef = 2EE86FD71AEBC93C004CF838 /* AudioToolbox.framework */; };
		B960984C1AEBC558007D6DC1 /* AppDelegate.swift in Sources */ = {isa = PBXBuildFile; fileRef = B960984B1AEBC558007D6DC1 /* AppDelegate.swift */; };
		B96098511AEBC558007D6DC1 /* Main.storyboard in Resources */ = {isa = PBXBuildFile; fileRef = B960984F1AEBC558007D6DC1 /* Main.storyboard */; };
		B96098531AEBC558007D6DC1 /* Images.xcassets in Resources */ = {isa = PBXBuildFile; fileRef = B96098521AEBC558007D6DC1 /* Images.xcassets */; };
		B96098561AEBC558007D6DC1 /* LaunchScreen.xib in Resources */ = {isa = PBXBuildFile; fileRef = B96098541AEBC558007D6DC1 /* LaunchScreen.xib */; };
		B96098621AEBC558007D6DC1 /* TextbookAppTests.swift in Sources */ = {isa = PBXBuildFile; fileRef = B96098611AEBC558007D6DC1 /* TextbookAppTests.swift */; };
		B96098B01AEBE38D007D6DC1 /* Account.swift in Sources */ = {isa = PBXBuildFile; fileRef = B960989E1AEBE38D007D6DC1 /* Account.swift */; };
		B96098B21AEBE38D007D6DC1 /* Chat.swift in Sources */ = {isa = PBXBuildFile; fileRef = B96098A01AEBE38D007D6DC1 /* Chat.swift */; };
		B96098B31AEBE38D007D6DC1 /* ChatCell.swift in Sources */ = {isa = PBXBuildFile; fileRef = B96098A11AEBE38D007D6DC1 /* ChatCell.swift */; };
		B96098B41AEBE38D007D6DC1 /* ChatsViewController.swift in Sources */ = {isa = PBXBuildFile; fileRef = B96098A21AEBE38D007D6DC1 /* ChatsViewController.swift */; };
		B96098B51AEBE38D007D6DC1 /* ChatViewController.swift in Sources */ = {isa = PBXBuildFile; fileRef = B96098A31AEBE38D007D6DC1 /* ChatViewController.swift */; };
		B96098B71AEBE38D007D6DC1 /* Images.xcassets in Resources */ = {isa = PBXBuildFile; fileRef = B96098A51AEBE38D007D6DC1 /* Images.xcassets */; };
		B96098BA1AEBE38D007D6DC1 /* Message.swift in Sources */ = {isa = PBXBuildFile; fileRef = B96098A81AEBE38D007D6DC1 /* Message.swift */; };
		B96098BB1AEBE38D007D6DC1 /* MessageBubbleCell.swift in Sources */ = {isa = PBXBuildFile; fileRef = B96098A91AEBE38D007D6DC1 /* MessageBubbleCell.swift */; };
		B96098BE1AEBE38D007D6DC1 /* MessageSentDateCell.swift in Sources */ = {isa = PBXBuildFile; fileRef = B96098AC1AEBE38D007D6DC1 /* MessageSentDateCell.swift */; };
		B96098BF1AEBE38D007D6DC1 /* PlaceholderTextView.swift in Sources */ = {isa = PBXBuildFile; fileRef = B96098AD1AEBE38D007D6DC1 /* PlaceholderTextView.swift */; };
		B96098C01AEBE38D007D6DC1 /* User.swift in Sources */ = {isa = PBXBuildFile; fileRef = B96098AE1AEBE38D007D6DC1 /* User.swift */; };
		B96098C11AEBE38D007D6DC1 /* UserCell.swift in Sources */ = {isa = PBXBuildFile; fileRef = B96098AF1AEBE38D007D6DC1 /* UserCell.swift */; };
		B9D05B231AEC1A0500438889 /* StartTabBarController.swift in Sources */ = {isa = PBXBuildFile; fileRef = B9D05B221AEC1A0500438889 /* StartTabBarController.swift */; };
		B9D05B251AEC1A8900438889 /* Social.framework in Frameworks */ = {isa = PBXBuildFile; fileRef = B9D05B241AEC1A8900438889 /* Social.framework */; };
		B9D05B271AEC1A8E00438889 /* Accounts.framework in Frameworks */ = {isa = PBXBuildFile; fileRef = B9D05B261AEC1A8E00438889 /* Accounts.framework */; };
		D1D717901AEC1C7400584091 /* Bolts.framework in Frameworks */ = {isa = PBXBuildFile; fileRef = D1D7178A1AEC1C7400584091 /* Bolts.framework */; };
		D1D717911AEC1C7400584091 /* Parse.framework in Frameworks */ = {isa = PBXBuildFile; fileRef = D1D7178B1AEC1C7400584091 /* Parse.framework */; };
		D1D717921AEC1C7400584091 /* ParseCrashReporting.framework in Frameworks */ = {isa = PBXBuildFile; fileRef = D1D7178C1AEC1C7400584091 /* ParseCrashReporting.framework */; };
		D1D717931AEC1C7400584091 /* ParseFacebookUtils.framework in Frameworks */ = {isa = PBXBuildFile; fileRef = D1D7178D1AEC1C7400584091 /* ParseFacebookUtils.framework */; };
		D1D717941AEC1C7400584091 /* ParseFacebookUtilsV4.framework in Frameworks */ = {isa = PBXBuildFile; fileRef = D1D7178E1AEC1C7400584091 /* ParseFacebookUtilsV4.framework */; };
		D1D717951AEC1C7400584091 /* ParseUI.framework in Frameworks */ = {isa = PBXBuildFile; fileRef = D1D7178F1AEC1C7400584091 /* ParseUI.framework */; };
/* End PBXBuildFile section */

/* Begin PBXContainerItemProxy section */
		B960985C1AEBC558007D6DC1 /* PBXContainerItemProxy */ = {
			isa = PBXContainerItemProxy;
			containerPortal = B960983E1AEBC558007D6DC1 /* Project object */;
			proxyType = 1;
			remoteGlobalIDString = B96098451AEBC558007D6DC1;
			remoteInfo = TextbookApp;
		};
/* End PBXContainerItemProxy section */

/* Begin PBXFileReference section */
		2E2A02FC1AEBE04A00113A67 /* Bolts.framework */ = {isa = PBXFileReference; lastKnownFileType = wrapper.framework; name = Bolts.framework; path = "../../../../Downloads/parse-library-1-5/Bolts.framework"; sourceTree = "<group>"; };
		2E2A02FE1AEBE04A00113A67 /* ParseCrashReporting.framework */ = {isa = PBXFileReference; lastKnownFileType = wrapper.framework; name = ParseCrashReporting.framework; path = "../../../../Downloads/parse-library-1-5/ParseCrashReporting.framework"; sourceTree = "<group>"; };
		2E2A030A1AEC0A6900113A67 /* textbooksTableViewController.swift */ = {isa = PBXFileReference; fileEncoding = 4; lastKnownFileType = sourcecode.swift; path = textbooksTableViewController.swift; sourceTree = "<group>"; };
		2E2A030C1AEC0E2D00113A67 /* addBookCourseListTableViewController.swift */ = {isa = PBXFileReference; fileEncoding = 4; lastKnownFileType = sourcecode.swift; path = addBookCourseListTableViewController.swift; sourceTree = "<group>"; };
		2E36994E1AEC3BE000975082 /* Parse.framework */ = {isa = PBXFileReference; lastKnownFileType = wrapper.framework; name = Parse.framework; path = "../../../../Downloads/parse-library-1-6/Parse.framework"; sourceTree = "<group>"; };
		2E36994F1AEC3BE000975082 /* ParseFacebookUtils.framework */ = {isa = PBXFileReference; lastKnownFileType = wrapper.framework; name = ParseFacebookUtils.framework; path = "../../../../Downloads/parse-library-1-6/ParseFacebookUtils.framework"; sourceTree = "<group>"; };
		2E3699501AEC3BE000975082 /* ParseFacebookUtilsV4.framework */ = {isa = PBXFileReference; lastKnownFileType = wrapper.framework; name = ParseFacebookUtilsV4.framework; path = "../../../../Downloads/parse-library-1-6/ParseFacebookUtilsV4.framework"; sourceTree = "<group>"; };
		2E3699511AEC3BE000975082 /* Bolts.framework */ = {isa = PBXFileReference; lastKnownFileType = wrapper.framework; name = Bolts.framework; path = "../../../../Downloads/parse-library-1-6/Bolts.framework"; sourceTree = "<group>"; };
		2E3699521AEC3BE000975082 /* ParseCrashReporting.framework */ = {isa = PBXFileReference; lastKnownFileType = wrapper.framework; name = ParseCrashReporting.framework; path = "../../../../Downloads/parse-library-1-6/ParseCrashReporting.framework"; sourceTree = "<group>"; };
		2E3699531AEC3BE000975082 /* ParseUI.framework */ = {isa = PBXFileReference; lastKnownFileType = wrapper.framework; name = ParseUI.framework; path = "../../../../Downloads/parse-library-1-6/ParseUI.framework"; sourceTree = "<group>"; };
		2EE86FC31AEBC8D3004CF838 /* libsqlite3.dylib */ = {isa = PBXFileReference; lastKnownFileType = "compiled.mach-o.dylib"; name = libsqlite3.dylib; path = usr/lib/libsqlite3.dylib; sourceTree = SDKROOT; };
		2EE86FC51AEBC8DA004CF838 /* SystemConfiguration.framework */ = {isa = PBXFileReference; lastKnownFileType = wrapper.framework; name = SystemConfiguration.framework; path = System/Library/Frameworks/SystemConfiguration.framework; sourceTree = SDKROOT; };
		2EE86FC71AEBC8DF004CF838 /* StoreKit.framework */ = {isa = PBXFileReference; lastKnownFileType = wrapper.framework; name = StoreKit.framework; path = System/Library/Frameworks/StoreKit.framework; sourceTree = SDKROOT; };
		2EE86FC91AEBC8E8004CF838 /* Security.framework */ = {isa = PBXFileReference; lastKnownFileType = wrapper.framework; name = Security.framework; path = System/Library/Frameworks/Security.framework; sourceTree = SDKROOT; };
		2EE86FCB1AEBC8ED004CF838 /* QuartzCore.framework */ = {isa = PBXFileReference; lastKnownFileType = wrapper.framework; name = QuartzCore.framework; path = System/Library/Frameworks/QuartzCore.framework; sourceTree = SDKROOT; };
		2EE86FCD1AEBC8F2004CF838 /* MobileCoreServices.framework */ = {isa = PBXFileReference; lastKnownFileType = wrapper.framework; name = MobileCoreServices.framework; path = System/Library/Frameworks/MobileCoreServices.framework; sourceTree = SDKROOT; };
		2EE86FCF1AEBC918004CF838 /* libz.dylib */ = {isa = PBXFileReference; lastKnownFileType = "compiled.mach-o.dylib"; name = libz.dylib; path = usr/lib/libz.dylib; sourceTree = SDKROOT; };
		2EE86FD11AEBC92C004CF838 /* CoreLocation.framework */ = {isa = PBXFileReference; lastKnownFileType = wrapper.framework; name = CoreLocation.framework; path = System/Library/Frameworks/CoreLocation.framework; sourceTree = SDKROOT; };
		2EE86FD31AEBC931004CF838 /* CoreGraphics.framework */ = {isa = PBXFileReference; lastKnownFileType = wrapper.framework; name = CoreGraphics.framework; path = System/Library/Frameworks/CoreGraphics.framework; sourceTree = SDKROOT; };
		2EE86FD51AEBC936004CF838 /* Foundation.framework */ = {isa = PBXFileReference; lastKnownFileType = wrapper.framework; name = Foundation.framework; path = System/Library/Frameworks/Foundation.framework; sourceTree = SDKROOT; };
		2EE86FD71AEBC93C004CF838 /* AudioToolbox.framework */ = {isa = PBXFileReference; lastKnownFileType = wrapper.framework; name = AudioToolbox.framework; path = System/Library/Frameworks/AudioToolbox.framework; sourceTree = SDKROOT; };
		2EE86FE61AEBC9F5004CF838 /* TextbookApp-Bridging-Header.h */ = {isa = PBXFileReference; lastKnownFileType = sourcecode.c.h; path = "TextbookApp-Bridging-Header.h"; sourceTree = "<group>"; };
		2EE86FE91AEBD151004CF838 /* browseTableViewController.swift */ = {isa = PBXFileReference; fileEncoding = 4; lastKnownFileType = sourcecode.swift; path = browseTableViewController.swift; sourceTree = "<group>"; };
		B96098461AEBC558007D6DC1 /* TextbookApp.app */ = {isa = PBXFileReference; explicitFileType = wrapper.application; includeInIndex = 0; path = TextbookApp.app; sourceTree = BUILT_PRODUCTS_DIR; };
		B960984B1AEBC558007D6DC1 /* AppDelegate.swift */ = {isa = PBXFileReference; lastKnownFileType = sourcecode.swift; path = AppDelegate.swift; sourceTree = "<group>"; };
		B96098501AEBC558007D6DC1 /* Base */ = {isa = PBXFileReference; lastKnownFileType = file.storyboard; name = Base; path = Base.lproj/Main.storyboard; sourceTree = "<group>"; };
		B96098521AEBC558007D6DC1 /* Images.xcassets */ = {isa = PBXFileReference; lastKnownFileType = folder.assetcatalog; path = Images.xcassets; sourceTree = "<group>"; };
		B96098551AEBC558007D6DC1 /* Base */ = {isa = PBXFileReference; lastKnownFileType = file.xib; name = Base; path = Base.lproj/LaunchScreen.xib; sourceTree = "<group>"; };
		B960985B1AEBC558007D6DC1 /* TextbookAppTests.xctest */ = {isa = PBXFileReference; explicitFileType = wrapper.cfbundle; includeInIndex = 0; path = TextbookAppTests.xctest; sourceTree = BUILT_PRODUCTS_DIR; };
		B96098601AEBC558007D6DC1 /* Info.plist */ = {isa = PBXFileReference; lastKnownFileType = text.plist.xml; path = Info.plist; sourceTree = "<group>"; };
		B96098611AEBC558007D6DC1 /* TextbookAppTests.swift */ = {isa = PBXFileReference; lastKnownFileType = sourcecode.swift; path = TextbookAppTests.swift; sourceTree = "<group>"; };
		B960989E1AEBE38D007D6DC1 /* Account.swift */ = {isa = PBXFileReference; fileEncoding = 4; lastKnownFileType = sourcecode.swift; path = Account.swift; sourceTree = "<group>"; };
		B96098A01AEBE38D007D6DC1 /* Chat.swift */ = {isa = PBXFileReference; fileEncoding = 4; lastKnownFileType = sourcecode.swift; path = Chat.swift; sourceTree = "<group>"; };
		B96098A11AEBE38D007D6DC1 /* ChatCell.swift */ = {isa = PBXFileReference; fileEncoding = 4; lastKnownFileType = sourcecode.swift; path = ChatCell.swift; sourceTree = "<group>"; };
		B96098A21AEBE38D007D6DC1 /* ChatsViewController.swift */ = {isa = PBXFileReference; fileEncoding = 4; lastKnownFileType = sourcecode.swift; path = ChatsViewController.swift; sourceTree = "<group>"; };
		B96098A31AEBE38D007D6DC1 /* ChatViewController.swift */ = {isa = PBXFileReference; fileEncoding = 4; lastKnownFileType = sourcecode.swift; path = ChatViewController.swift; sourceTree = "<group>"; };
		B96098A51AEBE38D007D6DC1 /* Images.xcassets */ = {isa = PBXFileReference; lastKnownFileType = folder.assetcatalog; path = Images.xcassets; sourceTree = "<group>"; };
		B96098A81AEBE38D007D6DC1 /* Message.swift */ = {isa = PBXFileReference; fileEncoding = 4; lastKnownFileType = sourcecode.swift; path = Message.swift; sourceTree = "<group>"; };
		B96098A91AEBE38D007D6DC1 /* MessageBubbleCell.swift */ = {isa = PBXFileReference; fileEncoding = 4; lastKnownFileType = sourcecode.swift; path = MessageBubbleCell.swift; sourceTree = "<group>"; };
		B96098AC1AEBE38D007D6DC1 /* MessageSentDateCell.swift */ = {isa = PBXFileReference; fileEncoding = 4; lastKnownFileType = sourcecode.swift; path = MessageSentDateCell.swift; sourceTree = "<group>"; };
		B96098AD1AEBE38D007D6DC1 /* PlaceholderTextView.swift */ = {isa = PBXFileReference; fileEncoding = 4; lastKnownFileType = sourcecode.swift; path = PlaceholderTextView.swift; sourceTree = "<group>"; };
		B96098AE1AEBE38D007D6DC1 /* User.swift */ = {isa = PBXFileReference; fileEncoding = 4; lastKnownFileType = sourcecode.swift; path = User.swift; sourceTree = "<group>"; };
		B96098AF1AEBE38D007D6DC1 /* UserCell.swift */ = {isa = PBXFileReference; fileEncoding = 4; lastKnownFileType = sourcecode.swift; path = UserCell.swift; sourceTree = "<group>"; };
		B9D05B221AEC1A0500438889 /* StartTabBarController.swift */ = {isa = PBXFileReference; fileEncoding = 4; lastKnownFileType = sourcecode.swift; path = StartTabBarController.swift; sourceTree = "<group>"; };
		B9D05B241AEC1A8900438889 /* Social.framework */ = {isa = PBXFileReference; lastKnownFileType = wrapper.framework; name = Social.framework; path = System/Library/Frameworks/Social.framework; sourceTree = SDKROOT; };
		B9D05B261AEC1A8E00438889 /* Accounts.framework */ = {isa = PBXFileReference; lastKnownFileType = wrapper.framework; name = Accounts.framework; path = System/Library/Frameworks/Accounts.framework; sourceTree = SDKROOT; };
		D1D7178A1AEC1C7400584091 /* Bolts.framework */ = {isa = PBXFileReference; lastKnownFileType = wrapper.framework; name = Bolts.framework; path = "../../../../Downloads/parse-library-1.7.1/Bolts.framework"; sourceTree = "<group>"; };
		D1D7178B1AEC1C7400584091 /* Parse.framework */ = {isa = PBXFileReference; lastKnownFileType = wrapper.framework; name = Parse.framework; path = "../../../../Downloads/parse-library-1.7.1/Parse.framework"; sourceTree = "<group>"; };
		D1D7178C1AEC1C7400584091 /* ParseCrashReporting.framework */ = {isa = PBXFileReference; lastKnownFileType = wrapper.framework; name = ParseCrashReporting.framework; path = "../../../../Downloads/parse-library-1.7.1/ParseCrashReporting.framework"; sourceTree = "<group>"; };
		D1D7178D1AEC1C7400584091 /* ParseFacebookUtils.framework */ = {isa = PBXFileReference; lastKnownFileType = wrapper.framework; name = ParseFacebookUtils.framework; path = "../../../../Downloads/parse-library-1.7.1/ParseFacebookUtils.framework"; sourceTree = "<group>"; };
		D1D7178E1AEC1C7400584091 /* ParseFacebookUtilsV4.framework */ = {isa = PBXFileReference; lastKnownFileType = wrapper.framework; name = ParseFacebookUtilsV4.framework; path = "../../../../Downloads/parse-library-1.7.1/ParseFacebookUtilsV4.framework"; sourceTree = "<group>"; };
		D1D7178F1AEC1C7400584091 /* ParseUI.framework */ = {isa = PBXFileReference; lastKnownFileType = wrapper.framework; name = ParseUI.framework; path = "../../../../Downloads/parse-library-1.7.1/ParseUI.framework"; sourceTree = "<group>"; };
/* End PBXFileReference section */

/* Begin PBXFrameworksBuildPhase section */
		B96098431AEBC558007D6DC1 /* Frameworks */ = {
			isa = PBXFrameworksBuildPhase;
			buildActionMask = 2147483647;
			files = (
				2E3699571AEC3BE000975082 /* Bolts.framework in Frameworks */,
				2E3699551AEC3BE000975082 /* ParseFacebookUtils.framework in Frameworks */,
				B9D05B271AEC1A8E00438889 /* Accounts.framework in Frameworks */,
				2E3699561AEC3BE000975082 /* ParseFacebookUtilsV4.framework in Frameworks */,
				B9D05B251AEC1A8900438889 /* Social.framework in Frameworks */,
				2EE86FD81AEBC93C004CF838 /* AudioToolbox.framework in Frameworks */,
				2EE86FD61AEBC936004CF838 /* Foundation.framework in Frameworks */,
				2EE86FD41AEBC931004CF838 /* CoreGraphics.framework in Frameworks */,
				2E2A03021AEBE04A00113A67 /* Bolts.framework in Frameworks */,
				2E3699591AEC3BE000975082 /* ParseUI.framework in Frameworks */,
				2E3699541AEC3BE000975082 /* Parse.framework in Frameworks */,
				D1D717911AEC1C7400584091 /* Parse.framework in Frameworks */,
				D1D717931AEC1C7400584091 /* ParseFacebookUtils.framework in Frameworks */,
				2EE86FD21AEBC92C004CF838 /* CoreLocation.framework in Frameworks */,
				2E2A03041AEBE04A00113A67 /* ParseCrashReporting.framework in Frameworks */,
				2EE86FD01AEBC918004CF838 /* libz.dylib in Frameworks */,
				2EE86FCE1AEBC8F2004CF838 /* MobileCoreServices.framework in Frameworks */,
				D1D717951AEC1C7400584091 /* ParseUI.framework in Frameworks */,
				2EE86FCC1AEBC8ED004CF838 /* QuartzCore.framework in Frameworks */,
				2EE86FCA1AEBC8E8004CF838 /* Security.framework in Frameworks */,
				2EE86FC81AEBC8DF004CF838 /* StoreKit.framework in Frameworks */,
				2EE86FC61AEBC8DA004CF838 /* SystemConfiguration.framework in Frameworks */,
				D1D717941AEC1C7400584091 /* ParseFacebookUtilsV4.framework in Frameworks */,
				2EE86FC41AEBC8D3004CF838 /* libsqlite3.dylib in Frameworks */,
				D1D717901AEC1C7400584091 /* Bolts.framework in Frameworks */,
				D1D717921AEC1C7400584091 /* ParseCrashReporting.framework in Frameworks */,
				2E3699581AEC3BE000975082 /* ParseCrashReporting.framework in Frameworks */,
			);
			runOnlyForDeploymentPostprocessing = 0;
		};
		B96098581AEBC558007D6DC1 /* Frameworks */ = {
			isa = PBXFrameworksBuildPhase;
			buildActionMask = 2147483647;
			files = (
			);
			runOnlyForDeploymentPostprocessing = 0;
		};
/* End PBXFrameworksBuildPhase section */

/* Begin PBXGroup section */
		2EE86FD91AEBC95A004CF838 /* Frameworks */ = {
			isa = PBXGroup;
			children = (
				2E36994E1AEC3BE000975082 /* Parse.framework */,
				2E36994F1AEC3BE000975082 /* ParseFacebookUtils.framework */,
				2E3699501AEC3BE000975082 /* ParseFacebookUtilsV4.framework */,
				2E3699511AEC3BE000975082 /* Bolts.framework */,
				2E3699521AEC3BE000975082 /* ParseCrashReporting.framework */,
				2E3699531AEC3BE000975082 /* ParseUI.framework */,
				B9D05B261AEC1A8E00438889 /* Accounts.framework */,
				B9D05B241AEC1A8900438889 /* Social.framework */,
				2EE86FC31AEBC8D3004CF838 /* libsqlite3.dylib */,
				2EE86FD71AEBC93C004CF838 /* AudioToolbox.framework */,
				2EE86FD51AEBC936004CF838 /* Foundation.framework */,
				2EE86FD31AEBC931004CF838 /* CoreGraphics.framework */,
				2EE86FD11AEBC92C004CF838 /* CoreLocation.framework */,
				2EE86FCF1AEBC918004CF838 /* libz.dylib */,
				2EE86FCD1AEBC8F2004CF838 /* MobileCoreServices.framework */,
				2EE86FCB1AEBC8ED004CF838 /* QuartzCore.framework */,
				2EE86FC91AEBC8E8004CF838 /* Security.framework */,
				2EE86FC71AEBC8DF004CF838 /* StoreKit.framework */,
				2EE86FC51AEBC8DA004CF838 /* SystemConfiguration.framework */,
				2EE86FE61AEBC9F5004CF838 /* TextbookApp-Bridging-Header.h */,
			);
			name = Frameworks;
			sourceTree = "<group>";
		};
		B960983D1AEBC558007D6DC1 = {
			isa = PBXGroup;
			children = (
				2EE86FD91AEBC95A004CF838 /* Frameworks */,
				B96098481AEBC558007D6DC1 /* TextbookApp */,
				B960985E1AEBC558007D6DC1 /* TextbookAppTests */,
				B96098471AEBC558007D6DC1 /* Products */,
			);
			sourceTree = "<group>";
		};
		B96098471AEBC558007D6DC1 /* Products */ = {
			isa = PBXGroup;
			children = (
				B96098461AEBC558007D6DC1 /* TextbookApp.app */,
				B960985B1AEBC558007D6DC1 /* TextbookAppTests.xctest */,
			);
			name = Products;
			sourceTree = "<group>";
		};
		B96098481AEBC558007D6DC1 /* TextbookApp */ = {
			isa = PBXGroup;
			children = (
				B960989D1AEBE38D007D6DC1 /* Chats */,
				B960984B1AEBC558007D6DC1 /* AppDelegate.swift */,
				B960984F1AEBC558007D6DC1 /* Main.storyboard */,
				B96098521AEBC558007D6DC1 /* Images.xcassets */,
				B96098541AEBC558007D6DC1 /* LaunchScreen.xib */,
				2EE86FE91AEBD151004CF838 /* browseTableViewController.swift */,
				2E2A030C1AEC0E2D00113A67 /* addBookCourseListTableViewController.swift */,
				2E2A030A1AEC0A6900113A67 /* textbooksTableViewController.swift */,
				B9D05B221AEC1A0500438889 /* StartTabBarController.swift */,
			);
			path = TextbookApp;
			sourceTree = "<group>";
		};
		B960985E1AEBC558007D6DC1 /* TextbookAppTests */ = {
			isa = PBXGroup;
			children = (
				B96098611AEBC558007D6DC1 /* TextbookAppTests.swift */,
				B960985F1AEBC558007D6DC1 /* Supporting Files */,
			);
			path = TextbookAppTests;
			sourceTree = "<group>";
		};
		B960985F1AEBC558007D6DC1 /* Supporting Files */ = {
			isa = PBXGroup;
			children = (
				B96098601AEBC558007D6DC1 /* Info.plist */,
			);
			name = "Supporting Files";
			sourceTree = "<group>";
		};
		B960989D1AEBE38D007D6DC1 /* Chats */ = {
			isa = PBXGroup;
			children = (
				B96098C61AEBF9D7007D6DC1 /* Views */,
				B96098C51AEBF9B4007D6DC1 /* View Controllers */,
				B96098C41AEBEBFF007D6DC1 /* Models */,
				B96098A51AEBE38D007D6DC1 /* Images.xcassets */,
			);
			path = Chats;
			sourceTree = "<group>";
		};
		B96098C41AEBEBFF007D6DC1 /* Models */ = {
			isa = PBXGroup;
			children = (
				B960989E1AEBE38D007D6DC1 /* Account.swift */,
				B96098A81AEBE38D007D6DC1 /* Message.swift */,
				B96098A01AEBE38D007D6DC1 /* Chat.swift */,
				B96098AE1AEBE38D007D6DC1 /* User.swift */,
			);
			name = Models;
			sourceTree = "<group>";
		};
		B96098C51AEBF9B4007D6DC1 /* View Controllers */ = {
			isa = PBXGroup;
			children = (
				B96098A21AEBE38D007D6DC1 /* ChatsViewController.swift */,
				B96098A31AEBE38D007D6DC1 /* ChatViewController.swift */,
			);
			name = "View Controllers";
			sourceTree = "<group>";
		};
		B96098C61AEBF9D7007D6DC1 /* Views */ = {
			isa = PBXGroup;
			children = (
				B96098AC1AEBE38D007D6DC1 /* MessageSentDateCell.swift */,
				B96098A91AEBE38D007D6DC1 /* MessageBubbleCell.swift */,
				B96098A11AEBE38D007D6DC1 /* ChatCell.swift */,
				B96098AD1AEBE38D007D6DC1 /* PlaceholderTextView.swift */,
				B96098AF1AEBE38D007D6DC1 /* UserCell.swift */,
			);
			name = Views;
			sourceTree = "<group>";
		};
/* End PBXGroup section */

/* Begin PBXNativeTarget section */
		B96098451AEBC558007D6DC1 /* TextbookApp */ = {
			isa = PBXNativeTarget;
			buildConfigurationList = B96098651AEBC558007D6DC1 /* Build configuration list for PBXNativeTarget "TextbookApp" */;
			buildPhases = (
				B96098421AEBC558007D6DC1 /* Sources */,
				B96098431AEBC558007D6DC1 /* Frameworks */,
				B96098441AEBC558007D6DC1 /* Resources */,
			);
			buildRules = (
			);
			dependencies = (
			);
			name = TextbookApp;
			productName = TextbookApp;
			productReference = B96098461AEBC558007D6DC1 /* TextbookApp.app */;
			productType = "com.apple.product-type.application";
		};
		B960985A1AEBC558007D6DC1 /* TextbookAppTests */ = {
			isa = PBXNativeTarget;
			buildConfigurationList = B96098681AEBC558007D6DC1 /* Build configuration list for PBXNativeTarget "TextbookAppTests" */;
			buildPhases = (
				B96098571AEBC558007D6DC1 /* Sources */,
				B96098581AEBC558007D6DC1 /* Frameworks */,
				B96098591AEBC558007D6DC1 /* Resources */,
			);
			buildRules = (
			);
			dependencies = (
				B960985D1AEBC558007D6DC1 /* PBXTargetDependency */,
			);
			name = TextbookAppTests;
			productName = TextbookAppTests;
			productReference = B960985B1AEBC558007D6DC1 /* TextbookAppTests.xctest */;
			productType = "com.apple.product-type.bundle.unit-test";
		};
/* End PBXNativeTarget section */

/* Begin PBXProject section */
		B960983E1AEBC558007D6DC1 /* Project object */ = {
			isa = PBXProject;
			attributes = {
				LastUpgradeCheck = 0630;
				ORGANIZATIONNAME = "Forest Tong";
				TargetAttributes = {
					B96098451AEBC558007D6DC1 = {
						CreatedOnToolsVersion = 6.3;
					};
					B960985A1AEBC558007D6DC1 = {
						CreatedOnToolsVersion = 6.3;
						TestTargetID = B96098451AEBC558007D6DC1;
					};
				};
			};
			buildConfigurationList = B96098411AEBC558007D6DC1 /* Build configuration list for PBXProject "TextbookApp" */;
			compatibilityVersion = "Xcode 3.2";
			developmentRegion = English;
			hasScannedForEncodings = 0;
			knownRegions = (
				en,
				Base,
			);
			mainGroup = B960983D1AEBC558007D6DC1;
			productRefGroup = B96098471AEBC558007D6DC1 /* Products */;
			projectDirPath = "";
			projectRoot = "";
			targets = (
				B96098451AEBC558007D6DC1 /* TextbookApp */,
				B960985A1AEBC558007D6DC1 /* TextbookAppTests */,
			);
		};
/* End PBXProject section */

/* Begin PBXResourcesBuildPhase section */
		B96098441AEBC558007D6DC1 /* Resources */ = {
			isa = PBXResourcesBuildPhase;
			buildActionMask = 2147483647;
			files = (
				B96098511AEBC558007D6DC1 /* Main.storyboard in Resources */,
				B96098B71AEBE38D007D6DC1 /* Images.xcassets in Resources */,
				B96098561AEBC558007D6DC1 /* LaunchScreen.xib in Resources */,
				B96098531AEBC558007D6DC1 /* Images.xcassets in Resources */,
			);
			runOnlyForDeploymentPostprocessing = 0;
		};
		B96098591AEBC558007D6DC1 /* Resources */ = {
			isa = PBXResourcesBuildPhase;
			buildActionMask = 2147483647;
			files = (
			);
			runOnlyForDeploymentPostprocessing = 0;
		};
/* End PBXResourcesBuildPhase section */

/* Begin PBXSourcesBuildPhase section */
		B96098421AEBC558007D6DC1 /* Sources */ = {
			isa = PBXSourcesBuildPhase;
			buildActionMask = 2147483647;
			files = (
				B96098C01AEBE38D007D6DC1 /* User.swift in Sources */,
				B9D05B231AEC1A0500438889 /* StartTabBarController.swift in Sources */,
				B96098BE1AEBE38D007D6DC1 /* MessageSentDateCell.swift in Sources */,
				B96098B21AEBE38D007D6DC1 /* Chat.swift in Sources */,
				B96098BF1AEBE38D007D6DC1 /* PlaceholderTextView.swift in Sources */,
				B960984C1AEBC558007D6DC1 /* AppDelegate.swift in Sources */,
				B96098C11AEBE38D007D6DC1 /* UserCell.swift in Sources */,
				B96098BA1AEBE38D007D6DC1 /* Message.swift in Sources */,
				B96098B51AEBE38D007D6DC1 /* ChatViewController.swift in Sources */,
				B96098B31AEBE38D007D6DC1 /* ChatCell.swift in Sources */,
				B96098B41AEBE38D007D6DC1 /* ChatsViewController.swift in Sources */,
				B96098B01AEBE38D007D6DC1 /* Account.swift in Sources */,
				B96098BB1AEBE38D007D6DC1 /* MessageBubbleCell.swift in Sources */,
			);
			runOnlyForDeploymentPostprocessing = 0;
		};
		B96098571AEBC558007D6DC1 /* Sources */ = {
			isa = PBXSourcesBuildPhase;
			buildActionMask = 2147483647;
			files = (
				B96098621AEBC558007D6DC1 /* TextbookAppTests.swift in Sources */,
			);
			runOnlyForDeploymentPostprocessing = 0;
		};
/* End PBXSourcesBuildPhase section */

/* Begin PBXTargetDependency section */
		B960985D1AEBC558007D6DC1 /* PBXTargetDependency */ = {
			isa = PBXTargetDependency;
			target = B96098451AEBC558007D6DC1 /* TextbookApp */;
			targetProxy = B960985C1AEBC558007D6DC1 /* PBXContainerItemProxy */;
		};
/* End PBXTargetDependency section */

/* Begin PBXVariantGroup section */
		B960984F1AEBC558007D6DC1 /* Main.storyboard */ = {
			isa = PBXVariantGroup;
			children = (
				B96098501AEBC558007D6DC1 /* Base */,
			);
			name = Main.storyboard;
			sourceTree = "<group>";
		};
		B96098541AEBC558007D6DC1 /* LaunchScreen.xib */ = {
			isa = PBXVariantGroup;
			children = (
				B96098551AEBC558007D6DC1 /* Base */,
			);
			name = LaunchScreen.xib;
			sourceTree = "<group>";
		};
/* End PBXVariantGroup section */

/* Begin XCBuildConfiguration section */
		B96098631AEBC558007D6DC1 /* Debug */ = {
			isa = XCBuildConfiguration;
			buildSettings = {
				ALWAYS_SEARCH_USER_PATHS = NO;
				CLANG_CXX_LANGUAGE_STANDARD = "gnu++0x";
				CLANG_CXX_LIBRARY = "libc++";
				CLANG_ENABLE_MODULES = YES;
				CLANG_ENABLE_OBJC_ARC = YES;
				CLANG_WARN_BOOL_CONVERSION = YES;
				CLANG_WARN_CONSTANT_CONVERSION = YES;
				CLANG_WARN_DIRECT_OBJC_ISA_USAGE = YES_ERROR;
				CLANG_WARN_EMPTY_BODY = YES;
				CLANG_WARN_ENUM_CONVERSION = YES;
				CLANG_WARN_INT_CONVERSION = YES;
				CLANG_WARN_OBJC_ROOT_CLASS = YES_ERROR;
				CLANG_WARN_UNREACHABLE_CODE = YES;
				CLANG_WARN__DUPLICATE_METHOD_MATCH = YES;
				"CODE_SIGN_IDENTITY[sdk=iphoneos*]" = "iPhone Developer";
				COPY_PHASE_STRIP = NO;
				DEBUG_INFORMATION_FORMAT = "dwarf-with-dsym";
				ENABLE_STRICT_OBJC_MSGSEND = YES;
				GCC_C_LANGUAGE_STANDARD = gnu99;
				GCC_DYNAMIC_NO_PIC = NO;
				GCC_NO_COMMON_BLOCKS = YES;
				GCC_OPTIMIZATION_LEVEL = 0;
				GCC_PREPROCESSOR_DEFINITIONS = (
					"DEBUG=1",
					"$(inherited)",
				);
				GCC_SYMBOLS_PRIVATE_EXTERN = NO;
				GCC_WARN_64_TO_32_BIT_CONVERSION = YES;
				GCC_WARN_ABOUT_RETURN_TYPE = YES_ERROR;
				GCC_WARN_UNDECLARED_SELECTOR = YES;
				GCC_WARN_UNINITIALIZED_AUTOS = YES_AGGRESSIVE;
				GCC_WARN_UNUSED_FUNCTION = YES;
				GCC_WARN_UNUSED_VARIABLE = YES;
				IPHONEOS_DEPLOYMENT_TARGET = 8.3;
				MTL_ENABLE_DEBUG_INFO = YES;
				ONLY_ACTIVE_ARCH = YES;
				SDKROOT = iphoneos;
				SWIFT_OPTIMIZATION_LEVEL = "-Onone";
			};
			name = Debug;
		};
		B96098641AEBC558007D6DC1 /* Release */ = {
			isa = XCBuildConfiguration;
			buildSettings = {
				ALWAYS_SEARCH_USER_PATHS = NO;
				CLANG_CXX_LANGUAGE_STANDARD = "gnu++0x";
				CLANG_CXX_LIBRARY = "libc++";
				CLANG_ENABLE_MODULES = YES;
				CLANG_ENABLE_OBJC_ARC = YES;
				CLANG_WARN_BOOL_CONVERSION = YES;
				CLANG_WARN_CONSTANT_CONVERSION = YES;
				CLANG_WARN_DIRECT_OBJC_ISA_USAGE = YES_ERROR;
				CLANG_WARN_EMPTY_BODY = YES;
				CLANG_WARN_ENUM_CONVERSION = YES;
				CLANG_WARN_INT_CONVERSION = YES;
				CLANG_WARN_OBJC_ROOT_CLASS = YES_ERROR;
				CLANG_WARN_UNREACHABLE_CODE = YES;
				CLANG_WARN__DUPLICATE_METHOD_MATCH = YES;
				"CODE_SIGN_IDENTITY[sdk=iphoneos*]" = "iPhone Developer";
				COPY_PHASE_STRIP = NO;
				DEBUG_INFORMATION_FORMAT = "dwarf-with-dsym";
				ENABLE_NS_ASSERTIONS = NO;
				ENABLE_STRICT_OBJC_MSGSEND = YES;
				GCC_C_LANGUAGE_STANDARD = gnu99;
				GCC_NO_COMMON_BLOCKS = YES;
				GCC_WARN_64_TO_32_BIT_CONVERSION = YES;
				GCC_WARN_ABOUT_RETURN_TYPE = YES_ERROR;
				GCC_WARN_UNDECLARED_SELECTOR = YES;
				GCC_WARN_UNINITIALIZED_AUTOS = YES_AGGRESSIVE;
				GCC_WARN_UNUSED_FUNCTION = YES;
				GCC_WARN_UNUSED_VARIABLE = YES;
				IPHONEOS_DEPLOYMENT_TARGET = 8.3;
				MTL_ENABLE_DEBUG_INFO = NO;
				SDKROOT = iphoneos;
				VALIDATE_PRODUCT = YES;
			};
			name = Release;
		};
		B96098661AEBC558007D6DC1 /* Debug */ = {
			isa = XCBuildConfiguration;
			buildSettings = {
				ASSETCATALOG_COMPILER_APPICON_NAME = AppIcon;
				FRAMEWORK_SEARCH_PATHS = (
					"$(inherited)",
					"/Users/kevingerami/Downloads/parse-library-1-5",
					"/Users/ftong/Documents/parse-library-1.7.1",
					"/Users/danielgalvez/Downloads/parse-library-1.7.1",
					"/Users/kevingerami/Downloads/parse-library-1-6",
				);
				INFOPLIST_FILE = TextbookApp/Info.plist;
				LD_RUNPATH_SEARCH_PATHS = "$(inherited) @executable_path/Frameworks";
				PRODUCT_NAME = "$(TARGET_NAME)";
				SWIFT_OBJC_BRIDGING_HEADER = "TextbookApp-Bridging-Header.h";
			};
			name = Debug;
		};
		B96098671AEBC558007D6DC1 /* Release */ = {
			isa = XCBuildConfiguration;
			buildSettings = {
				ASSETCATALOG_COMPILER_APPICON_NAME = AppIcon;
				FRAMEWORK_SEARCH_PATHS = (
					"$(inherited)",
					"/Users/kevingerami/Downloads/parse-library-1-5",
					"/Users/ftong/Documents/parse-library-1.7.1",
					"/Users/danielgalvez/Downloads/parse-library-1.7.1",
					"/Users/kevingerami/Downloads/parse-library-1-6",
				);
				INFOPLIST_FILE = TextbookApp/Info.plist;
				LD_RUNPATH_SEARCH_PATHS = "$(inherited) @executable_path/Frameworks";
				PRODUCT_NAME = "$(TARGET_NAME)";
				SWIFT_OBJC_BRIDGING_HEADER = "TextbookApp-Bridging-Header.h";
			};
			name = Release;
		};
		B96098691AEBC558007D6DC1 /* Debug */ = {
			isa = XCBuildConfiguration;
			buildSettings = {
				BUNDLE_LOADER = "$(TEST_HOST)";
				FRAMEWORK_SEARCH_PATHS = (
					"$(SDKROOT)/Developer/Library/Frameworks",
					"$(inherited)",
				);
				GCC_PREPROCESSOR_DEFINITIONS = (
					"DEBUG=1",
					"$(inherited)",
				);
				INFOPLIST_FILE = TextbookAppTests/Info.plist;
				LD_RUNPATH_SEARCH_PATHS = "$(inherited) @executable_path/Frameworks @loader_path/Frameworks";
				PRODUCT_NAME = "$(TARGET_NAME)";
				TEST_HOST = "$(BUILT_PRODUCTS_DIR)/TextbookApp.app/TextbookApp";
			};
			name = Debug;
		};
		B960986A1AEBC558007D6DC1 /* Release */ = {
			isa = XCBuildConfiguration;
			buildSettings = {
				BUNDLE_LOADER = "$(TEST_HOST)";
				FRAMEWORK_SEARCH_PATHS = (
					"$(SDKROOT)/Developer/Library/Frameworks",
					"$(inherited)",
				);
				INFOPLIST_FILE = TextbookAppTests/Info.plist;
				LD_RUNPATH_SEARCH_PATHS = "$(inherited) @executable_path/Frameworks @loader_path/Frameworks";
				PRODUCT_NAME = "$(TARGET_NAME)";
				TEST_HOST = "$(BUILT_PRODUCTS_DIR)/TextbookApp.app/TextbookApp";
			};
			name = Release;
		};
/* End XCBuildConfiguration section */

/* Begin XCConfigurationList section */
		B96098411AEBC558007D6DC1 /* Build configuration list for PBXProject "TextbookApp" */ = {
			isa = XCConfigurationList;
			buildConfigurations = (
				B96098631AEBC558007D6DC1 /* Debug */,
				B96098641AEBC558007D6DC1 /* Release */,
			);
			defaultConfigurationIsVisible = 0;
			defaultConfigurationName = Release;
		};
		B96098651AEBC558007D6DC1 /* Build configuration list for PBXNativeTarget "TextbookApp" */ = {
			isa = XCConfigurationList;
			buildConfigurations = (
				B96098661AEBC558007D6DC1 /* Debug */,
				B96098671AEBC558007D6DC1 /* Release */,
			);
			defaultConfigurationIsVisible = 0;
			defaultConfigurationName = Release;
		};
		B96098681AEBC558007D6DC1 /* Build configuration list for PBXNativeTarget "TextbookAppTests" */ = {
			isa = XCConfigurationList;
			buildConfigurations = (
				B96098691AEBC558007D6DC1 /* Debug */,
				B960986A1AEBC558007D6DC1 /* Release */,
			);
			defaultConfigurationIsVisible = 0;
			defaultConfigurationName = Release;
		};
/* End XCConfigurationList section */
	};
	rootObject = B960983E1AEBC558007D6DC1 /* Project object */;
}
