// !$*UTF8*$!
{
	archiveVersion = 1;
	classes = {
	};
	objectVersion = 46;
	objects = {

/* Begin PBXBuildFile section */
		2EE86FC41AEBC8D3004CF838 /* libsqlite3.dylib in Frameworks */ = {isa = PBXBuildFile; fileRef = 2EE86FC31AEBC8D3004CF838 /* libsqlite3.dylib */; };
		2EE86FC61AEBC8DA004CF838 /* SystemConfiguration.framework in Frameworks */ = {isa = PBXBuildFile; fileRef = 2EE86FC51AEBC8DA004CF838 /* SystemConfiguration.framework */; };
		2EE86FC81AEBC8DF004CF838 /* StoreKit.framework in Frameworks */ = {isa = PBXBuildFile; fileRef = 2EE86FC71AEBC8DF004CF838 /* StoreKit.framework */; };
		2EE86FCA1AEBC8E8004CF838 /* Security.framework in Frameworks */ = {isa = PBXBuildFile; fileRef = 2EE86FC91AEBC8E8004CF838 /* Security.framework */; };
		2EE86FCC1AEBC8ED004CF838 /* QuartzCore.framework in Frameworks */ = {isa = PBXBuildFile; fileRef = 2EE86FCB1AEBC8ED004CF838 /* QuartzCore.framework */; };
		2EE86FCE1AEBC8F2004CF838 /* MobileCoreServices.framework in Frameworks */ = {isa = PBXBuildFile; fileRef = 2EE86FCD1AEBC8F2004CF838 /* MobileCoreServices.framework */; };
		2EE86FD01AEBC918004CF838 /* libz.dylib in Frameworks */ = {isa = PBXBuildFile; fileRef = 2EE86FCF1AEBC918004CF838 /* libz.dylib */; };
		2EE86FD21AEBC92C004CF838 /* CoreLocation.framework in Frameworks */ = {isa = PBXBuildFile; fileRef = 2EE86FD11AEBC92C004CF838 /* CoreLocation.framework */; };
		2EE86FD41AEBC931004CF838 /* CoreGraphics.framework in Frameworks */ = {isa = PBXBuildFile; fileRef = 2EE86FD31AEBC931004CF838 /* CoreGraphics.framework */; };
		2EE86FD61AEBC936004CF838 /* Foundation.framework in Frameworks */ = {isa = PBXBuildFile; fileRef = 2EE86FD51AEBC936004CF838 /* Foundation.framework */; };
		2EE86FD81AEBC93C004CF838 /* AudioToolbox.framework in Frameworks */ = {isa = PBXBuildFile; fileRef = 2EE86FD71AEBC93C004CF838 /* AudioToolbox.framework */; };
		2EE86FEA1AEBD151004CF838 /* browseTableViewController.swift in Sources */ = {isa = PBXBuildFile; fileRef = 2EE86FE91AEBD151004CF838 /* browseTableViewController.swift */; };
		2EE86FF11AEBDCB0004CF838 /* Bolts.framework in Frameworks */ = {isa = PBXBuildFile; fileRef = 2EE86FEB1AEBDCB0004CF838 /* Bolts.framework */; };
		2EE86FF21AEBDCB0004CF838 /* Parse.framework in Frameworks */ = {isa = PBXBuildFile; fileRef = 2EE86FEC1AEBDCB0004CF838 /* Parse.framework */; };
		2EE86FF31AEBDCB0004CF838 /* ParseCrashReporting.framework in Frameworks */ = {isa = PBXBuildFile; fileRef = 2EE86FED1AEBDCB0004CF838 /* ParseCrashReporting.framework */; };
		2EE86FF41AEBDCB0004CF838 /* ParseFacebookUtils.framework in Frameworks */ = {isa = PBXBuildFile; fileRef = 2EE86FEE1AEBDCB0004CF838 /* ParseFacebookUtils.framework */; };
		2EE86FF51AEBDCB0004CF838 /* ParseFacebookUtilsV4.framework in Frameworks */ = {isa = PBXBuildFile; fileRef = 2EE86FEF1AEBDCB0004CF838 /* ParseFacebookUtilsV4.framework */; };
		2EE86FF61AEBDCB0004CF838 /* ParseUI.framework in Frameworks */ = {isa = PBXBuildFile; fileRef = 2EE86FF01AEBDCB0004CF838 /* ParseUI.framework */; };
		B960984C1AEBC558007D6DC1 /* AppDelegate.swift in Sources */ = {isa = PBXBuildFile; fileRef = B960984B1AEBC558007D6DC1 /* AppDelegate.swift */; };
		B96098511AEBC558007D6DC1 /* Main.storyboard in Resources */ = {isa = PBXBuildFile; fileRef = B960984F1AEBC558007D6DC1 /* Main.storyboard */; };
		B96098531AEBC558007D6DC1 /* Images.xcassets in Resources */ = {isa = PBXBuildFile; fileRef = B96098521AEBC558007D6DC1 /* Images.xcassets */; };
		B96098561AEBC558007D6DC1 /* LaunchScreen.xib in Resources */ = {isa = PBXBuildFile; fileRef = B96098541AEBC558007D6DC1 /* LaunchScreen.xib */; };
		B96098621AEBC558007D6DC1 /* TextbookAppTests.swift in Sources */ = {isa = PBXBuildFile; fileRef = B96098611AEBC558007D6DC1 /* TextbookAppTests.swift */; };
/* End PBXBuildFile section */

/* Begin PBXContainerItemProxy section */
		B960985C1AEBC558007D6DC1 /* PBXContainerItemProxy */ = {
			isa = PBXContainerItemProxy;
			containerPortal = B960983E1AEBC558007D6DC1 /* Project object */;
			proxyType = 1;
			remoteGlobalIDString = B96098451AEBC558007D6DC1;
			remoteInfo = TextbookApp;
		};
/* End PBXContainerItemProxy section */

/* Begin PBXFileReference section */
		2EE86FC31AEBC8D3004CF838 /* libsqlite3.dylib */ = {isa = PBXFileReference; lastKnownFileType = "compiled.mach-o.dylib"; name = libsqlite3.dylib; path = usr/lib/libsqlite3.dylib; sourceTree = SDKROOT; };
		2EE86FC51AEBC8DA004CF838 /* SystemConfiguration.framework */ = {isa = PBXFileReference; lastKnownFileType = wrapper.framework; name = SystemConfiguration.framework; path = System/Library/Frameworks/SystemConfiguration.framework; sourceTree = SDKROOT; };
		2EE86FC71AEBC8DF004CF838 /* StoreKit.framework */ = {isa = PBXFileReference; lastKnownFileType = wrapper.framework; name = StoreKit.framework; path = System/Library/Frameworks/StoreKit.framework; sourceTree = SDKROOT; };
		2EE86FC91AEBC8E8004CF838 /* Security.framework */ = {isa = PBXFileReference; lastKnownFileType = wrapper.framework; name = Security.framework; path = System/Library/Frameworks/Security.framework; sourceTree = SDKROOT; };
		2EE86FCB1AEBC8ED004CF838 /* QuartzCore.framework */ = {isa = PBXFileReference; lastKnownFileType = wrapper.framework; name = QuartzCore.framework; path = System/Library/Frameworks/QuartzCore.framework; sourceTree = SDKROOT; };
		2EE86FCD1AEBC8F2004CF838 /* MobileCoreServices.framework */ = {isa = PBXFileReference; lastKnownFileType = wrapper.framework; name = MobileCoreServices.framework; path = System/Library/Frameworks/MobileCoreServices.framework; sourceTree = SDKROOT; };
		2EE86FCF1AEBC918004CF838 /* libz.dylib */ = {isa = PBXFileReference; lastKnownFileType = "compiled.mach-o.dylib"; name = libz.dylib; path = usr/lib/libz.dylib; sourceTree = SDKROOT; };
		2EE86FD11AEBC92C004CF838 /* CoreLocation.framework */ = {isa = PBXFileReference; lastKnownFileType = wrapper.framework; name = CoreLocation.framework; path = System/Library/Frameworks/CoreLocation.framework; sourceTree = SDKROOT; };
		2EE86FD31AEBC931004CF838 /* CoreGraphics.framework */ = {isa = PBXFileReference; lastKnownFileType = wrapper.framework; name = CoreGraphics.framework; path = System/Library/Frameworks/CoreGraphics.framework; sourceTree = SDKROOT; };
		2EE86FD51AEBC936004CF838 /* Foundation.framework */ = {isa = PBXFileReference; lastKnownFileType = wrapper.framework; name = Foundation.framework; path = System/Library/Frameworks/Foundation.framework; sourceTree = SDKROOT; };
		2EE86FD71AEBC93C004CF838 /* AudioToolbox.framework */ = {isa = PBXFileReference; lastKnownFileType = wrapper.framework; name = AudioToolbox.framework; path = System/Library/Frameworks/AudioToolbox.framework; sourceTree = SDKROOT; };
		2EE86FE61AEBC9F5004CF838 /* TextbookApp-Bridging-Header.h */ = {isa = PBXFileReference; lastKnownFileType = sourcecode.c.h; path = "TextbookApp-Bridging-Header.h"; sourceTree = "<group>"; };
		2EE86FE91AEBD151004CF838 /* browseTableViewController.swift */ = {isa = PBXFileReference; fileEncoding = 4; lastKnownFileType = sourcecode.swift; path = browseTableViewController.swift; sourceTree = "<group>"; };
		2EE86FEB1AEBDCB0004CF838 /* Bolts.framework */ = {isa = PBXFileReference; lastKnownFileType = wrapper.framework; path = Bolts.framework; sourceTree = "<group>"; };
		2EE86FEC1AEBDCB0004CF838 /* Parse.framework */ = {isa = PBXFileReference; lastKnownFileType = wrapper.framework; path = Parse.framework; sourceTree = "<group>"; };
		2EE86FED1AEBDCB0004CF838 /* ParseCrashReporting.framework */ = {isa = PBXFileReference; lastKnownFileType = wrapper.framework; path = ParseCrashReporting.framework; sourceTree = "<group>"; };
		2EE86FEE1AEBDCB0004CF838 /* ParseFacebookUtils.framework */ = {isa = PBXFileReference; lastKnownFileType = wrapper.framework; path = ParseFacebookUtils.framework; sourceTree = "<group>"; };
		2EE86FEF1AEBDCB0004CF838 /* ParseFacebookUtilsV4.framework */ = {isa = PBXFileReference; lastKnownFileType = wrapper.framework; path = ParseFacebookUtilsV4.framework; sourceTree = "<group>"; };
		2EE86FF01AEBDCB0004CF838 /* ParseUI.framework */ = {isa = PBXFileReference; lastKnownFileType = wrapper.framework; path = ParseUI.framework; sourceTree = "<group>"; };
		B96098461AEBC558007D6DC1 /* TextbookApp.app */ = {isa = PBXFileReference; explicitFileType = wrapper.application; includeInIndex = 0; path = TextbookApp.app; sourceTree = BUILT_PRODUCTS_DIR; };
		B960984A1AEBC558007D6DC1 /* Info.plist */ = {isa = PBXFileReference; lastKnownFileType = text.plist.xml; path = Info.plist; sourceTree = "<group>"; };
		B960984B1AEBC558007D6DC1 /* AppDelegate.swift */ = {isa = PBXFileReference; lastKnownFileType = sourcecode.swift; path = AppDelegate.swift; sourceTree = "<group>"; };
		B96098501AEBC558007D6DC1 /* Base */ = {isa = PBXFileReference; lastKnownFileType = file.storyboard; name = Base; path = Base.lproj/Main.storyboard; sourceTree = "<group>"; };
		B96098521AEBC558007D6DC1 /* Images.xcassets */ = {isa = PBXFileReference; lastKnownFileType = folder.assetcatalog; path = Images.xcassets; sourceTree = "<group>"; };
		B96098551AEBC558007D6DC1 /* Base */ = {isa = PBXFileReference; lastKnownFileType = file.xib; name = Base; path = Base.lproj/LaunchScreen.xib; sourceTree = "<group>"; };
		B960985B1AEBC558007D6DC1 /* TextbookAppTests.xctest */ = {isa = PBXFileReference; explicitFileType = wrapper.cfbundle; includeInIndex = 0; path = TextbookAppTests.xctest; sourceTree = BUILT_PRODUCTS_DIR; };
		B96098601AEBC558007D6DC1 /* Info.plist */ = {isa = PBXFileReference; lastKnownFileType = text.plist.xml; path = Info.plist; sourceTree = "<group>"; };
		B96098611AEBC558007D6DC1 /* TextbookAppTests.swift */ = {isa = PBXFileReference; lastKnownFileType = sourcecode.swift; path = TextbookAppTests.swift; sourceTree = "<group>"; };
/* End PBXFileReference section */

/* Begin PBXFrameworksBuildPhase section */
		B96098431AEBC558007D6DC1 /* Frameworks */ = {
			isa = PBXFrameworksBuildPhase;
			buildActionMask = 2147483647;
			files = (
				2EE86FD81AEBC93C004CF838 /* AudioToolbox.framework in Frameworks */,
				2EE86FD61AEBC936004CF838 /* Foundation.framework in Frameworks */,
				2EE86FD41AEBC931004CF838 /* CoreGraphics.framework in Frameworks */,
				2EE86FF11AEBDCB0004CF838 /* Bolts.framework in Frameworks */,
				2EE86FD21AEBC92C004CF838 /* CoreLocation.framework in Frameworks */,
				2EE86FF31AEBDCB0004CF838 /* ParseCrashReporting.framework in Frameworks */,
				2EE86FD01AEBC918004CF838 /* libz.dylib in Frameworks */,
				2EE86FF21AEBDCB0004CF838 /* Parse.framework in Frameworks */,
				2EE86FF41AEBDCB0004CF838 /* ParseFacebookUtils.framework in Frameworks */,
				2EE86FF61AEBDCB0004CF838 /* ParseUI.framework in Frameworks */,
				2EE86FCE1AEBC8F2004CF838 /* MobileCoreServices.framework in Frameworks */,
				2EE86FF51AEBDCB0004CF838 /* ParseFacebookUtilsV4.framework in Frameworks */,
				2EE86FCC1AEBC8ED004CF838 /* QuartzCore.framework in Frameworks */,
				2EE86FCA1AEBC8E8004CF838 /* Security.framework in Frameworks */,
				2EE86FC81AEBC8DF004CF838 /* StoreKit.framework in Frameworks */,
				2EE86FC61AEBC8DA004CF838 /* SystemConfiguration.framework in Frameworks */,
				2EE86FC41AEBC8D3004CF838 /* libsqlite3.dylib in Frameworks */,
			);
			runOnlyForDeploymentPostprocessing = 0;
		};
		B96098581AEBC558007D6DC1 /* Frameworks */ = {
			isa = PBXFrameworksBuildPhase;
			buildActionMask = 2147483647;
			files = (
			);
			runOnlyForDeploymentPostprocessing = 0;
		};
/* End PBXFrameworksBuildPhase section */

/* Begin PBXGroup section */
		2EE86FD91AEBC95A004CF838 /* Frameworks */ = {
			isa = PBXGroup;
			children = (
				2EE86FEB1AEBDCB0004CF838 /* Bolts.framework */,
				2EE86FEC1AEBDCB0004CF838 /* Parse.framework */,
				2EE86FED1AEBDCB0004CF838 /* ParseCrashReporting.framework */,
				2EE86FEE1AEBDCB0004CF838 /* ParseFacebookUtils.framework */,
				2EE86FEF1AEBDCB0004CF838 /* ParseFacebookUtilsV4.framework */,
				2EE86FF01AEBDCB0004CF838 /* ParseUI.framework */,
				2EE86FC31AEBC8D3004CF838 /* libsqlite3.dylib */,
				2EE86FD71AEBC93C004CF838 /* AudioToolbox.framework */,
				2EE86FD51AEBC936004CF838 /* Foundation.framework */,
				2EE86FD31AEBC931004CF838 /* CoreGraphics.framework */,
				2EE86FD11AEBC92C004CF838 /* CoreLocation.framework */,
				2EE86FCF1AEBC918004CF838 /* libz.dylib */,
				2EE86FCD1AEBC8F2004CF838 /* MobileCoreServices.framework */,
				2EE86FCB1AEBC8ED004CF838 /* QuartzCore.framework */,
				2EE86FC91AEBC8E8004CF838 /* Security.framework */,
				2EE86FC71AEBC8DF004CF838 /* StoreKit.framework */,
				2EE86FC51AEBC8DA004CF838 /* SystemConfiguration.framework */,
				2EE86FE61AEBC9F5004CF838 /* TextbookApp-Bridging-Header.h */,
			);
			name = Frameworks;
			sourceTree = "<group>";
		};
		B960983D1AEBC558007D6DC1 = {
			isa = PBXGroup;
			children = (
				2EE86FD91AEBC95A004CF838 /* Frameworks */,
				B96098481AEBC558007D6DC1 /* TextbookApp */,
				B960985E1AEBC558007D6DC1 /* TextbookAppTests */,
				B96098471AEBC558007D6DC1 /* Products */,
			);
			sourceTree = "<group>";
		};
		B96098471AEBC558007D6DC1 /* Products */ = {
			isa = PBXGroup;
			children = (
				B96098461AEBC558007D6DC1 /* TextbookApp.app */,
				B960985B1AEBC558007D6DC1 /* TextbookAppTests.xctest */,
			);
			name = Products;
			sourceTree = "<group>";
		};
		B96098481AEBC558007D6DC1 /* TextbookApp */ = {
			isa = PBXGroup;
			children = (
				B960984B1AEBC558007D6DC1 /* AppDelegate.swift */,
				B960984F1AEBC558007D6DC1 /* Main.storyboard */,
				B96098521AEBC558007D6DC1 /* Images.xcassets */,
				B96098541AEBC558007D6DC1 /* LaunchScreen.xib */,
				B96098491AEBC558007D6DC1 /* Supporting Files */,
				2EE86FE91AEBD151004CF838 /* browseTableViewController.swift */,
			);
			path = TextbookApp;
			sourceTree = "<group>";
		};
		B96098491AEBC558007D6DC1 /* Supporting Files */ = {
			isa = PBXGroup;
			children = (
				B960984A1AEBC558007D6DC1 /* Info.plist */,
			);
			name = "Supporting Files";
			sourceTree = "<group>";
		};
		B960985E1AEBC558007D6DC1 /* TextbookAppTests */ = {
			isa = PBXGroup;
			children = (
				B96098611AEBC558007D6DC1 /* TextbookAppTests.swift */,
				B960985F1AEBC558007D6DC1 /* Supporting Files */,
			);
			path = TextbookAppTests;
			sourceTree = "<group>";
		};
		B960985F1AEBC558007D6DC1 /* Supporting Files */ = {
			isa = PBXGroup;
			children = (
				B96098601AEBC558007D6DC1 /* Info.plist */,
			);
			name = "Supporting Files";
			sourceTree = "<group>";
		};
/* End PBXGroup section */

/* Begin PBXNativeTarget section */
		B96098451AEBC558007D6DC1 /* TextbookApp */ = {
			isa = PBXNativeTarget;
			buildConfigurationList = B96098651AEBC558007D6DC1 /* Build configuration list for PBXNativeTarget "TextbookApp" */;
			buildPhases = (
				B96098421AEBC558007D6DC1 /* Sources */,
				B96098431AEBC558007D6DC1 /* Frameworks */,
				B96098441AEBC558007D6DC1 /* Resources */,
			);
			buildRules = (
			);
			dependencies = (
			);
			name = TextbookApp;
			productName = TextbookApp;
			productReference = B96098461AEBC558007D6DC1 /* TextbookApp.app */;
			productType = "com.apple.product-type.application";
		};
		B960985A1AEBC558007D6DC1 /* TextbookAppTests */ = {
			isa = PBXNativeTarget;
			buildConfigurationList = B96098681AEBC558007D6DC1 /* Build configuration list for PBXNativeTarget "TextbookAppTests" */;
			buildPhases = (
				B96098571AEBC558007D6DC1 /* Sources */,
				B96098581AEBC558007D6DC1 /* Frameworks */,
				B96098591AEBC558007D6DC1 /* Resources */,
			);
			buildRules = (
			);
			dependencies = (
				B960985D1AEBC558007D6DC1 /* PBXTargetDependency */,
			);
			name = TextbookAppTests;
			productName = TextbookAppTests;
			productReference = B960985B1AEBC558007D6DC1 /* TextbookAppTests.xctest */;
			productType = "com.apple.product-type.bundle.unit-test";
		};
/* End PBXNativeTarget section */

/* Begin PBXProject section */
		B960983E1AEBC558007D6DC1 /* Project object */ = {
			isa = PBXProject;
			attributes = {
				LastUpgradeCheck = 0630;
				ORGANIZATIONNAME = "Forest Tong";
				TargetAttributes = {
					B96098451AEBC558007D6DC1 = {
						CreatedOnToolsVersion = 6.3;
					};
					B960985A1AEBC558007D6DC1 = {
						CreatedOnToolsVersion = 6.3;
						TestTargetID = B96098451AEBC558007D6DC1;
					};
				};
			};
			buildConfigurationList = B96098411AEBC558007D6DC1 /* Build configuration list for PBXProject "TextbookApp" */;
			compatibilityVersion = "Xcode 3.2";
			developmentRegion = English;
			hasScannedForEncodings = 0;
			knownRegions = (
				en,
				Base,
			);
			mainGroup = B960983D1AEBC558007D6DC1;
			productRefGroup = B96098471AEBC558007D6DC1 /* Products */;
			projectDirPath = "";
			projectRoot = "";
			targets = (
				B96098451AEBC558007D6DC1 /* TextbookApp */,
				B960985A1AEBC558007D6DC1 /* TextbookAppTests */,
			);
		};
/* End PBXProject section */

/* Begin PBXResourcesBuildPhase section */
		B96098441AEBC558007D6DC1 /* Resources */ = {
			isa = PBXResourcesBuildPhase;
			buildActionMask = 2147483647;
			files = (
				B96098511AEBC558007D6DC1 /* Main.storyboard in Resources */,
				B96098561AEBC558007D6DC1 /* LaunchScreen.xib in Resources */,
				B96098531AEBC558007D6DC1 /* Images.xcassets in Resources */,
			);
			runOnlyForDeploymentPostprocessing = 0;
		};
		B96098591AEBC558007D6DC1 /* Resources */ = {
			isa = PBXResourcesBuildPhase;
			buildActionMask = 2147483647;
			files = (
			);
			runOnlyForDeploymentPostprocessing = 0;
		};
/* End PBXResourcesBuildPhase section */

/* Begin PBXSourcesBuildPhase section */
		B96098421AEBC558007D6DC1 /* Sources */ = {
			isa = PBXSourcesBuildPhase;
			buildActionMask = 2147483647;
			files = (
				B960984C1AEBC558007D6DC1 /* AppDelegate.swift in Sources */,
				2EE86FEA1AEBD151004CF838 /* browseTableViewController.swift in Sources */,
			);
			runOnlyForDeploymentPostprocessing = 0;
		};
		B96098571AEBC558007D6DC1 /* Sources */ = {
			isa = PBXSourcesBuildPhase;
			buildActionMask = 2147483647;
			files = (
				B96098621AEBC558007D6DC1 /* TextbookAppTests.swift in Sources */,
			);
			runOnlyForDeploymentPostprocessing = 0;
		};
/* End PBXSourcesBuildPhase section */

/* Begin PBXTargetDependency section */
		B960985D1AEBC558007D6DC1 /* PBXTargetDependency */ = {
			isa = PBXTargetDependency;
			target = B96098451AEBC558007D6DC1 /* TextbookApp */;
			targetProxy = B960985C1AEBC558007D6DC1 /* PBXContainerItemProxy */;
		};
/* End PBXTargetDependency section */

/* Begin PBXVariantGroup section */
		B960984F1AEBC558007D6DC1 /* Main.storyboard */ = {
			isa = PBXVariantGroup;
			children = (
				B96098501AEBC558007D6DC1 /* Base */,
			);
			name = Main.storyboard;
			sourceTree = "<group>";
		};
		B96098541AEBC558007D6DC1 /* LaunchScreen.xib */ = {
			isa = PBXVariantGroup;
			children = (
				B96098551AEBC558007D6DC1 /* Base */,
			);
			name = LaunchScreen.xib;
			sourceTree = "<group>";
		};
/* End PBXVariantGroup section */

/* Begin XCBuildConfiguration section */
		B96098631AEBC558007D6DC1 /* Debug */ = {
			isa = XCBuildConfiguration;
			buildSettings = {
				ALWAYS_SEARCH_USER_PATHS = NO;
				CLANG_CXX_LANGUAGE_STANDARD = "gnu++0x";
				CLANG_CXX_LIBRARY = "libc++";
				CLANG_ENABLE_MODULES = YES;
				CLANG_ENABLE_OBJC_ARC = YES;
				CLANG_WARN_BOOL_CONVERSION = YES;
				CLANG_WARN_CONSTANT_CONVERSION = YES;
				CLANG_WARN_DIRECT_OBJC_ISA_USAGE = YES_ERROR;
				CLANG_WARN_EMPTY_BODY = YES;
				CLANG_WARN_ENUM_CONVERSION = YES;
				CLANG_WARN_INT_CONVERSION = YES;
				CLANG_WARN_OBJC_ROOT_CLASS = YES_ERROR;
				CLANG_WARN_UNREACHABLE_CODE = YES;
				CLANG_WARN__DUPLICATE_METHOD_MATCH = YES;
				"CODE_SIGN_IDENTITY[sdk=iphoneos*]" = "iPhone Developer";
				COPY_PHASE_STRIP = NO;
				DEBUG_INFORMATION_FORMAT = "dwarf-with-dsym";
				ENABLE_STRICT_OBJC_MSGSEND = YES;
				GCC_C_LANGUAGE_STANDARD = gnu99;
				GCC_DYNAMIC_NO_PIC = NO;
				GCC_NO_COMMON_BLOCKS = YES;
				GCC_OPTIMIZATION_LEVEL = 0;
				GCC_PREPROCESSOR_DEFINITIONS = (
					"DEBUG=1",
					"$(inherited)",
				);
				GCC_SYMBOLS_PRIVATE_EXTERN = NO;
				GCC_WARN_64_TO_32_BIT_CONVERSION = YES;
				GCC_WARN_ABOUT_RETURN_TYPE = YES_ERROR;
				GCC_WARN_UNDECLARED_SELECTOR = YES;
				GCC_WARN_UNINITIALIZED_AUTOS = YES_AGGRESSIVE;
				GCC_WARN_UNUSED_FUNCTION = YES;
				GCC_WARN_UNUSED_VARIABLE = YES;
				IPHONEOS_DEPLOYMENT_TARGET = 8.3;
				MTL_ENABLE_DEBUG_INFO = YES;
				ONLY_ACTIVE_ARCH = YES;
				SDKROOT = iphoneos;
				SWIFT_OPTIMIZATION_LEVEL = "-Onone";
			};
			name = Debug;
		};
		B96098641AEBC558007D6DC1 /* Release */ = {
			isa = XCBuildConfiguration;
			buildSettings = {
				ALWAYS_SEARCH_USER_PATHS = NO;
				CLANG_CXX_LANGUAGE_STANDARD = "gnu++0x";
				CLANG_CXX_LIBRARY = "libc++";
				CLANG_ENABLE_MODULES = YES;
				CLANG_ENABLE_OBJC_ARC = YES;
				CLANG_WARN_BOOL_CONVERSION = YES;
				CLANG_WARN_CONSTANT_CONVERSION = YES;
				CLANG_WARN_DIRECT_OBJC_ISA_USAGE = YES_ERROR;
				CLANG_WARN_EMPTY_BODY = YES;
				CLANG_WARN_ENUM_CONVERSION = YES;
				CLANG_WARN_INT_CONVERSION = YES;
				CLANG_WARN_OBJC_ROOT_CLASS = YES_ERROR;
				CLANG_WARN_UNREACHABLE_CODE = YES;
				CLANG_WARN__DUPLICATE_METHOD_MATCH = YES;
				"CODE_SIGN_IDENTITY[sdk=iphoneos*]" = "iPhone Developer";
				COPY_PHASE_STRIP = NO;
				DEBUG_INFORMATION_FORMAT = "dwarf-with-dsym";
				ENABLE_NS_ASSERTIONS = NO;
				ENABLE_STRICT_OBJC_MSGSEND = YES;
				GCC_C_LANGUAGE_STANDARD = gnu99;
				GCC_NO_COMMON_BLOCKS = YES;
				GCC_WARN_64_TO_32_BIT_CONVERSION = YES;
				GCC_WARN_ABOUT_RETURN_TYPE = YES_ERROR;
				GCC_WARN_UNDECLARED_SELECTOR = YES;
				GCC_WARN_UNINITIALIZED_AUTOS = YES_AGGRESSIVE;
				GCC_WARN_UNUSED_FUNCTION = YES;
				GCC_WARN_UNUSED_VARIABLE = YES;
				IPHONEOS_DEPLOYMENT_TARGET = 8.3;
				MTL_ENABLE_DEBUG_INFO = NO;
				SDKROOT = iphoneos;
				VALIDATE_PRODUCT = YES;
			};
			name = Release;
		};
		B96098661AEBC558007D6DC1 /* Debug */ = {
			isa = XCBuildConfiguration;
			buildSettings = {
				ASSETCATALOG_COMPILER_APPICON_NAME = AppIcon;
				FRAMEWORK_SEARCH_PATHS = (
					"$(inherited)",
					"/Users/kevingerami/Downloads/parse-library-1-5",
					"$(PROJECT_DIR)",
				);
				INFOPLIST_FILE = TextbookApp/Info.plist;
				LD_RUNPATH_SEARCH_PATHS = "$(inherited) @executable_path/Frameworks";
				PRODUCT_NAME = "$(TARGET_NAME)";
				SWIFT_OBJC_BRIDGING_HEADER = "TextbookApp-Bridging-Header.h";
			};
			name = Debug;
		};
		B96098671AEBC558007D6DC1 /* Release */ = {
			isa = XCBuildConfiguration;
			buildSettings = {
				ASSETCATALOG_COMPILER_APPICON_NAME = AppIcon;
				FRAMEWORK_SEARCH_PATHS = (
					"$(inherited)",
					"/Users/kevingerami/Downloads/parse-library-1-5",
					"$(PROJECT_DIR)",
				);
				INFOPLIST_FILE = TextbookApp/Info.plist;
				LD_RUNPATH_SEARCH_PATHS = "$(inherited) @executable_path/Frameworks";
				PRODUCT_NAME = "$(TARGET_NAME)";
				SWIFT_OBJC_BRIDGING_HEADER = "TextbookApp-Bridging-Header.h";
			};
			name = Release;
		};
		B96098691AEBC558007D6DC1 /* Debug */ = {
			isa = XCBuildConfiguration;
			buildSettings = {
				BUNDLE_LOADER = "$(TEST_HOST)";
				FRAMEWORK_SEARCH_PATHS = (
					"$(SDKROOT)/Developer/Library/Frameworks",
					"$(inherited)",
				);
				GCC_PREPROCESSOR_DEFINITIONS = (
					"DEBUG=1",
					"$(inherited)",
				);
				INFOPLIST_FILE = TextbookAppTests/Info.plist;
				LD_RUNPATH_SEARCH_PATHS = "$(inherited) @executable_path/Frameworks @loader_path/Frameworks";
				PRODUCT_NAME = "$(TARGET_NAME)";
				TEST_HOST = "$(BUILT_PRODUCTS_DIR)/TextbookApp.app/TextbookApp";
			};
			name = Debug;
		};
		B960986A1AEBC558007D6DC1 /* Release */ = {
			isa = XCBuildConfiguration;
			buildSettings = {
				BUNDLE_LOADER = "$(TEST_HOST)";
				FRAMEWORK_SEARCH_PATHS = (
					"$(SDKROOT)/Developer/Library/Frameworks",
					"$(inherited)",
				);
				INFOPLIST_FILE = TextbookAppTests/Info.plist;
				LD_RUNPATH_SEARCH_PATHS = "$(inherited) @executable_path/Frameworks @loader_path/Frameworks";
				PRODUCT_NAME = "$(TARGET_NAME)";
				TEST_HOST = "$(BUILT_PRODUCTS_DIR)/TextbookApp.app/TextbookApp";
			};
			name = Release;
		};
/* End XCBuildConfiguration section */

/* Begin XCConfigurationList section */
		B96098411AEBC558007D6DC1 /* Build configuration list for PBXProject "TextbookApp" */ = {
			isa = XCConfigurationList;
			buildConfigurations = (
				B96098631AEBC558007D6DC1 /* Debug */,
				B96098641AEBC558007D6DC1 /* Release */,
			);
			defaultConfigurationIsVisible = 0;
			defaultConfigurationName = Release;
		};
		B96098651AEBC558007D6DC1 /* Build configuration list for PBXNativeTarget "TextbookApp" */ = {
			isa = XCConfigurationList;
			buildConfigurations = (
				B96098661AEBC558007D6DC1 /* Debug */,
				B96098671AEBC558007D6DC1 /* Release */,
			);
			defaultConfigurationIsVisible = 0;
			defaultConfigurationName = Release;
		};
		B96098681AEBC558007D6DC1 /* Build configuration list for PBXNativeTarget "TextbookAppTests" */ = {
			isa = XCConfigurationList;
			buildConfigurations = (
				B96098691AEBC558007D6DC1 /* Debug */,
				B960986A1AEBC558007D6DC1 /* Release */,
			);
			defaultConfigurationIsVisible = 0;
			defaultConfigurationName = Release;
		};
/* End XCConfigurationList section */
	};
	rootObject = B960983E1AEBC558007D6DC1 /* Project object */;
}
