// !$*UTF8*$!
{
	archiveVersion = 1;
	classes = {
	};
	objectVersion = 46;
	objects = {

/* Begin PBXBuildFile section */
		2E063DAC1AEC97E500E624F9 /* SearchViewController.swift in Sources */ = {isa = PBXBuildFile; fileRef = 2E063DAB1AEC97E500E624F9 /* SearchViewController.swift */; };
		2E7292FB1AEC542200546E21 /* InterfaceController.swift in Sources */ = {isa = PBXBuildFile; fileRef = 2E7292FA1AEC542200546E21 /* InterfaceController.swift */; };
		2E7292FD1AEC542200546E21 /* Images.xcassets in Resources */ = {isa = PBXBuildFile; fileRef = 2E7292FC1AEC542200546E21 /* Images.xcassets */; };
		2E7293011AEC542200546E21 /* TextbookApp WatchKit App.app in Resources */ = {isa = PBXBuildFile; fileRef = 2E7293001AEC542200546E21 /* TextbookApp WatchKit App.app */; };
		2E7293091AEC542200546E21 /* Interface.storyboard in Resources */ = {isa = PBXBuildFile; fileRef = 2E7293071AEC542200546E21 /* Interface.storyboard */; };
		2E72930E1AEC542200546E21 /* TextbookApp WatchKit Extension.appex in Embed App Extensions */ = {isa = PBXBuildFile; fileRef = 2E7292F61AEC542200546E21 /* TextbookApp WatchKit Extension.appex */; settings = {ATTRIBUTES = (RemoveHeadersOnCopy, ); }; };
		2E7293161AEC55DE00546E21 /* AudioToolbox.framework in Frameworks */ = {isa = PBXBuildFile; fileRef = 2EE86FD71AEBC93C004CF838 /* AudioToolbox.framework */; };
		2E7293171AEC55E200546E21 /* Foundation.framework in Frameworks */ = {isa = PBXBuildFile; fileRef = 2EE86FD51AEBC936004CF838 /* Foundation.framework */; };
		2E7293181AEC55E600546E21 /* CoreGraphics.framework in Frameworks */ = {isa = PBXBuildFile; fileRef = 2EE86FD31AEBC931004CF838 /* CoreGraphics.framework */; };
		2E7293191AEC55ED00546E21 /* CoreLocation.framework in Frameworks */ = {isa = PBXBuildFile; fileRef = 2EE86FD11AEBC92C004CF838 /* CoreLocation.framework */; };
		2E72931A1AEC55F200546E21 /* libz.dylib in Frameworks */ = {isa = PBXBuildFile; fileRef = 2EE86FCF1AEBC918004CF838 /* libz.dylib */; };
		2E72931B1AEC55F700546E21 /* MobileCoreServices.framework in Frameworks */ = {isa = PBXBuildFile; fileRef = 2EE86FCD1AEBC8F2004CF838 /* MobileCoreServices.framework */; };
		2E72931C1AEC55FB00546E21 /* QuartzCore.framework in Frameworks */ = {isa = PBXBuildFile; fileRef = 2EE86FCB1AEBC8ED004CF838 /* QuartzCore.framework */; };
		2E72931D1AEC560200546E21 /* Security.framework in Frameworks */ = {isa = PBXBuildFile; fileRef = 2EE86FC91AEBC8E8004CF838 /* Security.framework */; };
		2E72931E1AEC560700546E21 /* StoreKit.framework in Frameworks */ = {isa = PBXBuildFile; fileRef = 2EE86FC71AEBC8DF004CF838 /* StoreKit.framework */; };
		2E72931F1AEC560D00546E21 /* SystemConfiguration.framework in Frameworks */ = {isa = PBXBuildFile; fileRef = 2EE86FC51AEBC8DA004CF838 /* SystemConfiguration.framework */; };
		2E7293201AEC561300546E21 /* libsqlite3.dylib in Frameworks */ = {isa = PBXBuildFile; fileRef = 2EE86FC31AEBC8D3004CF838 /* libsqlite3.dylib */; };
		2EBCAA751AEC76CA006B39B8 /* DetailsTableViewController.swift in Sources */ = {isa = PBXBuildFile; fileRef = 2EBCAA741AEC76CA006B39B8 /* DetailsTableViewController.swift */; };
		2EE86FC41AEBC8D3004CF838 /* libsqlite3.dylib in Frameworks */ = {isa = PBXBuildFile; fileRef = 2EE86FC31AEBC8D3004CF838 /* libsqlite3.dylib */; };
		2EE86FC61AEBC8DA004CF838 /* SystemConfiguration.framework in Frameworks */ = {isa = PBXBuildFile; fileRef = 2EE86FC51AEBC8DA004CF838 /* SystemConfiguration.framework */; };
		2EE86FC81AEBC8DF004CF838 /* StoreKit.framework in Frameworks */ = {isa = PBXBuildFile; fileRef = 2EE86FC71AEBC8DF004CF838 /* StoreKit.framework */; };
		2EE86FCA1AEBC8E8004CF838 /* Security.framework in Frameworks */ = {isa = PBXBuildFile; fileRef = 2EE86FC91AEBC8E8004CF838 /* Security.framework */; };
		2EE86FCC1AEBC8ED004CF838 /* QuartzCore.framework in Frameworks */ = {isa = PBXBuildFile; fileRef = 2EE86FCB1AEBC8ED004CF838 /* QuartzCore.framework */; };
		2EE86FCE1AEBC8F2004CF838 /* MobileCoreServices.framework in Frameworks */ = {isa = PBXBuildFile; fileRef = 2EE86FCD1AEBC8F2004CF838 /* MobileCoreServices.framework */; };
		2EE86FD01AEBC918004CF838 /* libz.dylib in Frameworks */ = {isa = PBXBuildFile; fileRef = 2EE86FCF1AEBC918004CF838 /* libz.dylib */; };
		2EE86FD21AEBC92C004CF838 /* CoreLocation.framework in Frameworks */ = {isa = PBXBuildFile; fileRef = 2EE86FD11AEBC92C004CF838 /* CoreLocation.framework */; };
		2EE86FD41AEBC931004CF838 /* CoreGraphics.framework in Frameworks */ = {isa = PBXBuildFile; fileRef = 2EE86FD31AEBC931004CF838 /* CoreGraphics.framework */; };
		2EE86FD61AEBC936004CF838 /* Foundation.framework in Frameworks */ = {isa = PBXBuildFile; fileRef = 2EE86FD51AEBC936004CF838 /* Foundation.framework */; };
		2EE86FD81AEBC93C004CF838 /* AudioToolbox.framework in Frameworks */ = {isa = PBXBuildFile; fileRef = 2EE86FD71AEBC93C004CF838 /* AudioToolbox.framework */; };
		B960984C1AEBC558007D6DC1 /* AppDelegate.swift in Sources */ = {isa = PBXBuildFile; fileRef = B960984B1AEBC558007D6DC1 /* AppDelegate.swift */; };
		B96098621AEBC558007D6DC1 /* TextbookAppTests.swift in Sources */ = {isa = PBXBuildFile; fileRef = B96098611AEBC558007D6DC1 /* TextbookAppTests.swift */; };
		B96098B21AEBE38D007D6DC1 /* Chat.swift in Sources */ = {isa = PBXBuildFile; fileRef = B96098A01AEBE38D007D6DC1 /* Chat.swift */; };
		B96098B31AEBE38D007D6DC1 /* ChatCell.swift in Sources */ = {isa = PBXBuildFile; fileRef = B96098A11AEBE38D007D6DC1 /* ChatCell.swift */; };
		B96098B41AEBE38D007D6DC1 /* ChatsViewController.swift in Sources */ = {isa = PBXBuildFile; fileRef = B96098A21AEBE38D007D6DC1 /* ChatsViewController.swift */; };
		B96098B51AEBE38D007D6DC1 /* ChatViewController.swift in Sources */ = {isa = PBXBuildFile; fileRef = B96098A31AEBE38D007D6DC1 /* ChatViewController.swift */; };
		B96098B71AEBE38D007D6DC1 /* Images.xcassets in Resources */ = {isa = PBXBuildFile; fileRef = B96098A51AEBE38D007D6DC1 /* Images.xcassets */; };
		B96098BA1AEBE38D007D6DC1 /* Message.swift in Sources */ = {isa = PBXBuildFile; fileRef = B96098A81AEBE38D007D6DC1 /* Message.swift */; };
		B96098BB1AEBE38D007D6DC1 /* MessageBubbleCell.swift in Sources */ = {isa = PBXBuildFile; fileRef = B96098A91AEBE38D007D6DC1 /* MessageBubbleCell.swift */; };
		B96098BE1AEBE38D007D6DC1 /* MessageSentDateCell.swift in Sources */ = {isa = PBXBuildFile; fileRef = B96098AC1AEBE38D007D6DC1 /* MessageSentDateCell.swift */; };
		B96098BF1AEBE38D007D6DC1 /* PlaceholderTextView.swift in Sources */ = {isa = PBXBuildFile; fileRef = B96098AD1AEBE38D007D6DC1 /* PlaceholderTextView.swift */; };
		B96098C11AEBE38D007D6DC1 /* UserCell.swift in Sources */ = {isa = PBXBuildFile; fileRef = B96098AF1AEBE38D007D6DC1 /* UserCell.swift */; };
		B96AA8EF1AEC7761001027F8 /* Bolts.framework in Frameworks */ = {isa = PBXBuildFile; fileRef = B96AA8E91AEC7761001027F8 /* Bolts.framework */; };
		B96AA8F01AEC7761001027F8 /* Parse.framework in Frameworks */ = {isa = PBXBuildFile; fileRef = B96AA8EA1AEC7761001027F8 /* Parse.framework */; };
		B96AA8F11AEC7761001027F8 /* ParseCrashReporting.framework in Frameworks */ = {isa = PBXBuildFile; fileRef = B96AA8EB1AEC7761001027F8 /* ParseCrashReporting.framework */; };
		B96AA8F21AEC7761001027F8 /* ParseFacebookUtils.framework in Frameworks */ = {isa = PBXBuildFile; fileRef = B96AA8EC1AEC7761001027F8 /* ParseFacebookUtils.framework */; };
		B96AA8F31AEC7761001027F8 /* ParseFacebookUtilsV4.framework in Frameworks */ = {isa = PBXBuildFile; fileRef = B96AA8ED1AEC7761001027F8 /* ParseFacebookUtilsV4.framework */; };
		B96AA8F41AEC7761001027F8 /* ParseUI.framework in Frameworks */ = {isa = PBXBuildFile; fileRef = B96AA8EE1AEC7761001027F8 /* ParseUI.framework */; };
		B9814B061AECCA750070A321 /* LogoTextbook.png in Resources */ = {isa = PBXBuildFile; fileRef = B9814B051AECCA750070A321 /* LogoTextbook.png */; };
		B9814B081AECCD190070A321 /* Launch Screen.xib in Resources */ = {isa = PBXBuildFile; fileRef = B9814B071AECCD190070A321 /* Launch Screen.xib */; };
		B9814B0A1AECCD340070A321 /* Info.plist in Resources */ = {isa = PBXBuildFile; fileRef = B9814B091AECCD340070A321 /* Info.plist */; };
		B9814B0B1AECD0C60070A321 /* Main.storyboard in Resources */ = {isa = PBXBuildFile; fileRef = B960984F1AEBC558007D6DC1 /* Main.storyboard */; };
		B9814B0F1AECD1D00070A321 /* LOGOtextbookSCREEN.png in Resources */ = {isa = PBXBuildFile; fileRef = B9814B0E1AECD1D00070A321 /* LOGOtextbookSCREEN.png */; };
		B9814B131AECD3970070A321 /* LOGO Icon small.png in Resources */ = {isa = PBXBuildFile; fileRef = B9814B121AECD3970070A321 /* LOGO Icon small.png */; };
		B9D05B231AEC1A0500438889 /* StartTabBarController.swift in Sources */ = {isa = PBXBuildFile; fileRef = B9D05B221AEC1A0500438889 /* StartTabBarController.swift */; };
		B9D05B251AEC1A8900438889 /* Social.framework in Frameworks */ = {isa = PBXBuildFile; fileRef = B9D05B241AEC1A8900438889 /* Social.framework */; };
		B9D05B271AEC1A8E00438889 /* Accounts.framework in Frameworks */ = {isa = PBXBuildFile; fileRef = B9D05B261AEC1A8E00438889 /* Accounts.framework */; };
		D165EA601AEC5C1000C8E305 /* Bolts.framework in Frameworks */ = {isa = PBXBuildFile; fileRef = D165EA5A1AEC5C1000C8E305 /* Bolts.framework */; };
		D165EA611AEC5C1000C8E305 /* Parse.framework in Frameworks */ = {isa = PBXBuildFile; fileRef = D165EA5B1AEC5C1000C8E305 /* Parse.framework */; };
		D165EA621AEC5C1000C8E305 /* ParseCrashReporting.framework in Frameworks */ = {isa = PBXBuildFile; fileRef = D165EA5C1AEC5C1000C8E305 /* ParseCrashReporting.framework */; };
		D165EA631AEC5C1000C8E305 /* ParseFacebookUtils.framework in Frameworks */ = {isa = PBXBuildFile; fileRef = D165EA5D1AEC5C1000C8E305 /* ParseFacebookUtils.framework */; };
		D165EA641AEC5C1000C8E305 /* ParseFacebookUtilsV4.framework in Frameworks */ = {isa = PBXBuildFile; fileRef = D165EA5E1AEC5C1000C8E305 /* ParseFacebookUtilsV4.framework */; };
		D165EA651AEC5C1000C8E305 /* ParseUI.framework in Frameworks */ = {isa = PBXBuildFile; fileRef = D165EA5F1AEC5C1000C8E305 /* ParseUI.framework */; };
		D18F90A01AECBBC1005F89DF /* LogoTextbook.png in Resources */ = {isa = PBXBuildFile; fileRef = D18F909E1AECBBC1005F89DF /* LogoTextbook.png */; };
		D18F90A11AECBBC1005F89DF /* LOGOtextbook.svg in Resources */ = {isa = PBXBuildFile; fileRef = D18F909F1AECBBC1005F89DF /* LOGOtextbook.svg */; };
		D1A8EB081AEC347900732D29 /* MyBooksViewController.swift in Sources */ = {isa = PBXBuildFile; fileRef = D1A8EB051AEC347900732D29 /* MyBooksViewController.swift */; };
		D1A8EB091AEC347900732D29 /* Textbook.swift in Sources */ = {isa = PBXBuildFile; fileRef = D1A8EB061AEC347900732D29 /* Textbook.swift */; };
		D1A8EB0A1AEC347900732D29 /* TextbookCreatorViewController.swift in Sources */ = {isa = PBXBuildFile; fileRef = D1A8EB071AEC347900732D29 /* TextbookCreatorViewController.swift */; };
		D1A8EB0C1AEC370800732D29 /* Util.swift in Sources */ = {isa = PBXBuildFile; fileRef = D1A8EB0B1AEC370800732D29 /* Util.swift */; };
		D1A8EB0D1AEC3A1200732D29 /* browseTableViewController.swift in Sources */ = {isa = PBXBuildFile; fileRef = 2EE86FE91AEBD151004CF838 /* browseTableViewController.swift */; };
		D1A8EB0E1AEC3A1200732D29 /* addBookCourseListTableViewController.swift in Sources */ = {isa = PBXBuildFile; fileRef = 2E2A030C1AEC0E2D00113A67 /* addBookCourseListTableViewController.swift */; };
		D1A8EB0F1AEC3A1200732D29 /* textbooksTableViewController.swift in Sources */ = {isa = PBXBuildFile; fileRef = 2E2A030A1AEC0A6900113A67 /* textbooksTableViewController.swift */; };
/* End PBXBuildFile section */

/* Begin PBXContainerItemProxy section */
		2E7293021AEC542200546E21 /* PBXContainerItemProxy */ = {
			isa = PBXContainerItemProxy;
			containerPortal = B960983E1AEBC558007D6DC1 /* Project object */;
			proxyType = 1;
			remoteGlobalIDString = 2E7292FF1AEC542200546E21;
			remoteInfo = "TextbookApp WatchKit App";
		};
		2E72930C1AEC542200546E21 /* PBXContainerItemProxy */ = {
			isa = PBXContainerItemProxy;
			containerPortal = B960983E1AEBC558007D6DC1 /* Project object */;
			proxyType = 1;
			remoteGlobalIDString = 2E7292F51AEC542200546E21;
			remoteInfo = "TextbookApp WatchKit Extension";
		};
		B960985C1AEBC558007D6DC1 /* PBXContainerItemProxy */ = {
			isa = PBXContainerItemProxy;
			containerPortal = B960983E1AEBC558007D6DC1 /* Project object */;
			proxyType = 1;
			remoteGlobalIDString = B96098451AEBC558007D6DC1;
			remoteInfo = TextbookApp;
		};
/* End PBXContainerItemProxy section */

/* Begin PBXCopyFilesBuildPhase section */
		2E7293151AEC542200546E21 /* Embed App Extensions */ = {
			isa = PBXCopyFilesBuildPhase;
			buildActionMask = 2147483647;
			dstPath = "";
			dstSubfolderSpec = 13;
			files = (
				2E72930E1AEC542200546E21 /* TextbookApp WatchKit Extension.appex in Embed App Extensions */,
			);
			name = "Embed App Extensions";
			runOnlyForDeploymentPostprocessing = 0;
		};
/* End PBXCopyFilesBuildPhase section */

/* Begin PBXFileReference section */
		2E063DAB1AEC97E500E624F9 /* SearchViewController.swift */ = {isa = PBXFileReference; fileEncoding = 4; lastKnownFileType = sourcecode.swift; path = SearchViewController.swift; sourceTree = "<group>"; };
		2E2A030A1AEC0A6900113A67 /* textbooksTableViewController.swift */ = {isa = PBXFileReference; fileEncoding = 4; lastKnownFileType = sourcecode.swift; path = textbooksTableViewController.swift; sourceTree = "<group>"; };
		2E2A030C1AEC0E2D00113A67 /* addBookCourseListTableViewController.swift */ = {isa = PBXFileReference; fileEncoding = 4; lastKnownFileType = sourcecode.swift; path = addBookCourseListTableViewController.swift; sourceTree = "<group>"; };
		2E7292F61AEC542200546E21 /* TextbookApp WatchKit Extension.appex */ = {isa = PBXFileReference; explicitFileType = "wrapper.app-extension"; includeInIndex = 0; path = "TextbookApp WatchKit Extension.appex"; sourceTree = BUILT_PRODUCTS_DIR; };
		2E7292F91AEC542200546E21 /* Info.plist */ = {isa = PBXFileReference; lastKnownFileType = text.plist.xml; path = Info.plist; sourceTree = "<group>"; };
		2E7292FA1AEC542200546E21 /* InterfaceController.swift */ = {isa = PBXFileReference; lastKnownFileType = sourcecode.swift; path = InterfaceController.swift; sourceTree = "<group>"; };
		2E7292FC1AEC542200546E21 /* Images.xcassets */ = {isa = PBXFileReference; lastKnownFileType = folder.assetcatalog; path = Images.xcassets; sourceTree = "<group>"; };
		2E7293001AEC542200546E21 /* TextbookApp WatchKit App.app */ = {isa = PBXFileReference; explicitFileType = wrapper.application; includeInIndex = 0; path = "TextbookApp WatchKit App.app"; sourceTree = BUILT_PRODUCTS_DIR; };
		2E7293061AEC542200546E21 /* Info.plist */ = {isa = PBXFileReference; lastKnownFileType = text.plist.xml; path = Info.plist; sourceTree = "<group>"; };
		2E7293081AEC542200546E21 /* Base */ = {isa = PBXFileReference; lastKnownFileType = file.storyboard; name = Base; path = Base.lproj/Interface.storyboard; sourceTree = "<group>"; };
		2EBCAA741AEC76CA006B39B8 /* DetailsTableViewController.swift */ = {isa = PBXFileReference; fileEncoding = 4; lastKnownFileType = sourcecode.swift; path = DetailsTableViewController.swift; sourceTree = "<group>"; };
		2EE86FC31AEBC8D3004CF838 /* libsqlite3.dylib */ = {isa = PBXFileReference; lastKnownFileType = "compiled.mach-o.dylib"; name = libsqlite3.dylib; path = usr/lib/libsqlite3.dylib; sourceTree = SDKROOT; };
		2EE86FC51AEBC8DA004CF838 /* SystemConfiguration.framework */ = {isa = PBXFileReference; lastKnownFileType = wrapper.framework; name = SystemConfiguration.framework; path = System/Library/Frameworks/SystemConfiguration.framework; sourceTree = SDKROOT; };
		2EE86FC71AEBC8DF004CF838 /* StoreKit.framework */ = {isa = PBXFileReference; lastKnownFileType = wrapper.framework; name = StoreKit.framework; path = System/Library/Frameworks/StoreKit.framework; sourceTree = SDKROOT; };
		2EE86FC91AEBC8E8004CF838 /* Security.framework */ = {isa = PBXFileReference; lastKnownFileType = wrapper.framework; name = Security.framework; path = System/Library/Frameworks/Security.framework; sourceTree = SDKROOT; };
		2EE86FCB1AEBC8ED004CF838 /* QuartzCore.framework */ = {isa = PBXFileReference; lastKnownFileType = wrapper.framework; name = QuartzCore.framework; path = System/Library/Frameworks/QuartzCore.framework; sourceTree = SDKROOT; };
		2EE86FCD1AEBC8F2004CF838 /* MobileCoreServices.framework */ = {isa = PBXFileReference; lastKnownFileType = wrapper.framework; name = MobileCoreServices.framework; path = System/Library/Frameworks/MobileCoreServices.framework; sourceTree = SDKROOT; };
		2EE86FCF1AEBC918004CF838 /* libz.dylib */ = {isa = PBXFileReference; lastKnownFileType = "compiled.mach-o.dylib"; name = libz.dylib; path = usr/lib/libz.dylib; sourceTree = SDKROOT; };
		2EE86FD11AEBC92C004CF838 /* CoreLocation.framework */ = {isa = PBXFileReference; lastKnownFileType = wrapper.framework; name = CoreLocation.framework; path = System/Library/Frameworks/CoreLocation.framework; sourceTree = SDKROOT; };
		2EE86FD31AEBC931004CF838 /* CoreGraphics.framework */ = {isa = PBXFileReference; lastKnownFileType = wrapper.framework; name = CoreGraphics.framework; path = System/Library/Frameworks/CoreGraphics.framework; sourceTree = SDKROOT; };
		2EE86FD51AEBC936004CF838 /* Foundation.framework */ = {isa = PBXFileReference; lastKnownFileType = wrapper.framework; name = Foundation.framework; path = System/Library/Frameworks/Foundation.framework; sourceTree = SDKROOT; };
		2EE86FD71AEBC93C004CF838 /* AudioToolbox.framework */ = {isa = PBXFileReference; lastKnownFileType = wrapper.framework; name = AudioToolbox.framework; path = System/Library/Frameworks/AudioToolbox.framework; sourceTree = SDKROOT; };
		2EE86FE61AEBC9F5004CF838 /* TextbookApp-Bridging-Header.h */ = {isa = PBXFileReference; lastKnownFileType = sourcecode.c.h; path = "TextbookApp-Bridging-Header.h"; sourceTree = "<group>"; };
		2EE86FE91AEBD151004CF838 /* browseTableViewController.swift */ = {isa = PBXFileReference; fileEncoding = 4; lastKnownFileType = sourcecode.swift; path = browseTableViewController.swift; sourceTree = "<group>"; };
		B96098461AEBC558007D6DC1 /* TextbookApp.app */ = {isa = PBXFileReference; explicitFileType = wrapper.application; includeInIndex = 0; path = TextbookApp.app; sourceTree = BUILT_PRODUCTS_DIR; };
		B960984B1AEBC558007D6DC1 /* AppDelegate.swift */ = {isa = PBXFileReference; lastKnownFileType = sourcecode.swift; path = AppDelegate.swift; sourceTree = "<group>"; };
		B96098501AEBC558007D6DC1 /* Base */ = {isa = PBXFileReference; lastKnownFileType = file.storyboard; name = Base; path = Base.lproj/Main.storyboard; sourceTree = "<group>"; };
		B960985B1AEBC558007D6DC1 /* TextbookAppTests.xctest */ = {isa = PBXFileReference; explicitFileType = wrapper.cfbundle; includeInIndex = 0; path = TextbookAppTests.xctest; sourceTree = BUILT_PRODUCTS_DIR; };
		B96098601AEBC558007D6DC1 /* Info.plist */ = {isa = PBXFileReference; lastKnownFileType = text.plist.xml; path = Info.plist; sourceTree = "<group>"; };
		B96098611AEBC558007D6DC1 /* TextbookAppTests.swift */ = {isa = PBXFileReference; lastKnownFileType = sourcecode.swift; path = TextbookAppTests.swift; sourceTree = "<group>"; };
		B96098A01AEBE38D007D6DC1 /* Chat.swift */ = {isa = PBXFileReference; fileEncoding = 4; lastKnownFileType = sourcecode.swift; path = Chat.swift; sourceTree = "<group>"; };
		B96098A11AEBE38D007D6DC1 /* ChatCell.swift */ = {isa = PBXFileReference; fileEncoding = 4; lastKnownFileType = sourcecode.swift; path = ChatCell.swift; sourceTree = "<group>"; };
		B96098A21AEBE38D007D6DC1 /* ChatsViewController.swift */ = {isa = PBXFileReference; fileEncoding = 4; lastKnownFileType = sourcecode.swift; path = ChatsViewController.swift; sourceTree = "<group>"; };
		B96098A31AEBE38D007D6DC1 /* ChatViewController.swift */ = {isa = PBXFileReference; fileEncoding = 4; lastKnownFileType = sourcecode.swift; path = ChatViewController.swift; sourceTree = "<group>"; };
		B96098A51AEBE38D007D6DC1 /* Images.xcassets */ = {isa = PBXFileReference; lastKnownFileType = folder.assetcatalog; path = Images.xcassets; sourceTree = "<group>"; };
		B96098A81AEBE38D007D6DC1 /* Message.swift */ = {isa = PBXFileReference; fileEncoding = 4; lastKnownFileType = sourcecode.swift; path = Message.swift; sourceTree = "<group>"; };
		B96098A91AEBE38D007D6DC1 /* MessageBubbleCell.swift */ = {isa = PBXFileReference; fileEncoding = 4; lastKnownFileType = sourcecode.swift; path = MessageBubbleCell.swift; sourceTree = "<group>"; };
		B96098AC1AEBE38D007D6DC1 /* MessageSentDateCell.swift */ = {isa = PBXFileReference; fileEncoding = 4; lastKnownFileType = sourcecode.swift; path = MessageSentDateCell.swift; sourceTree = "<group>"; };
		B96098AD1AEBE38D007D6DC1 /* PlaceholderTextView.swift */ = {isa = PBXFileReference; fileEncoding = 4; lastKnownFileType = sourcecode.swift; path = PlaceholderTextView.swift; sourceTree = "<group>"; };
		B96098AF1AEBE38D007D6DC1 /* UserCell.swift */ = {isa = PBXFileReference; fileEncoding = 4; lastKnownFileType = sourcecode.swift; path = UserCell.swift; sourceTree = "<group>"; };
		B96AA8E91AEC7761001027F8 /* Bolts.framework */ = {isa = PBXFileReference; lastKnownFileType = wrapper.framework; name = Bolts.framework; path = "../../parse-library-1.7.1/Bolts.framework"; sourceTree = "<group>"; };
		B96AA8EA1AEC7761001027F8 /* Parse.framework */ = {isa = PBXFileReference; lastKnownFileType = wrapper.framework; name = Parse.framework; path = "../../parse-library-1.7.1/Parse.framework"; sourceTree = "<group>"; };
		B96AA8EB1AEC7761001027F8 /* ParseCrashReporting.framework */ = {isa = PBXFileReference; lastKnownFileType = wrapper.framework; name = ParseCrashReporting.framework; path = "../../parse-library-1.7.1/ParseCrashReporting.framework"; sourceTree = "<group>"; };
		B96AA8EC1AEC7761001027F8 /* ParseFacebookUtils.framework */ = {isa = PBXFileReference; lastKnownFileType = wrapper.framework; name = ParseFacebookUtils.framework; path = "../../parse-library-1.7.1/ParseFacebookUtils.framework"; sourceTree = "<group>"; };
		B96AA8ED1AEC7761001027F8 /* ParseFacebookUtilsV4.framework */ = {isa = PBXFileReference; lastKnownFileType = wrapper.framework; name = ParseFacebookUtilsV4.framework; path = "../../parse-library-1.7.1/ParseFacebookUtilsV4.framework"; sourceTree = "<group>"; };
		B96AA8EE1AEC7761001027F8 /* ParseUI.framework */ = {isa = PBXFileReference; lastKnownFileType = wrapper.framework; name = ParseUI.framework; path = "../../parse-library-1.7.1/ParseUI.framework"; sourceTree = "<group>"; };
		B9814B051AECCA750070A321 /* LogoTextbook.png */ = {isa = PBXFileReference; lastKnownFileType = image.png; name = LogoTextbook.png; path = ../../../LogoTextbook.png; sourceTree = "<group>"; };
		B9814B071AECCD190070A321 /* Launch Screen.xib */ = {isa = PBXFileReference; fileEncoding = 4; lastKnownFileType = file.xib; path = "Launch Screen.xib"; sourceTree = "<group>"; };
		B9814B091AECCD340070A321 /* Info.plist */ = {isa = PBXFileReference; fileEncoding = 4; lastKnownFileType = text.plist.xml; name = Info.plist; path = TextbookApp/Info.plist; sourceTree = "<group>"; };
		B9814B0E1AECD1D00070A321 /* LOGOtextbookSCREEN.png */ = {isa = PBXFileReference; lastKnownFileType = image.png; path = LOGOtextbookSCREEN.png; sourceTree = "<group>"; };
		B9814B121AECD3970070A321 /* LOGO Icon small.png */ = {isa = PBXFileReference; lastKnownFileType = image.png; path = "LOGO Icon small.png"; sourceTree = "<group>"; };
		B9D05B221AEC1A0500438889 /* StartTabBarController.swift */ = {isa = PBXFileReference; fileEncoding = 4; lastKnownFileType = sourcecode.swift; path = StartTabBarController.swift; sourceTree = "<group>"; };
		B9D05B241AEC1A8900438889 /* Social.framework */ = {isa = PBXFileReference; lastKnownFileType = wrapper.framework; name = Social.framework; path = System/Library/Frameworks/Social.framework; sourceTree = SDKROOT; };
		B9D05B261AEC1A8E00438889 /* Accounts.framework */ = {isa = PBXFileReference; lastKnownFileType = wrapper.framework; name = Accounts.framework; path = System/Library/Frameworks/Accounts.framework; sourceTree = SDKROOT; };
		D165EA5A1AEC5C1000C8E305 /* Bolts.framework */ = {isa = PBXFileReference; lastKnownFileType = wrapper.framework; name = Bolts.framework; path = "../../../../Downloads/parse-library-1.7.1/Bolts.framework"; sourceTree = "<group>"; };
		D165EA5B1AEC5C1000C8E305 /* Parse.framework */ = {isa = PBXFileReference; lastKnownFileType = wrapper.framework; name = Parse.framework; path = "../../../../Downloads/parse-library-1.7.1/Parse.framework"; sourceTree = "<group>"; };
		D165EA5C1AEC5C1000C8E305 /* ParseCrashReporting.framework */ = {isa = PBXFileReference; lastKnownFileType = wrapper.framework; name = ParseCrashReporting.framework; path = "../../../../Downloads/parse-library-1.7.1/ParseCrashReporting.framework"; sourceTree = "<group>"; };
		D165EA5D1AEC5C1000C8E305 /* ParseFacebookUtils.framework */ = {isa = PBXFileReference; lastKnownFileType = wrapper.framework; name = ParseFacebookUtils.framework; path = "../../../../Downloads/parse-library-1.7.1/ParseFacebookUtils.framework"; sourceTree = "<group>"; };
		D165EA5E1AEC5C1000C8E305 /* ParseFacebookUtilsV4.framework */ = {isa = PBXFileReference; lastKnownFileType = wrapper.framework; name = ParseFacebookUtilsV4.framework; path = "../../../../Downloads/parse-library-1.7.1/ParseFacebookUtilsV4.framework"; sourceTree = "<group>"; };
		D165EA5F1AEC5C1000C8E305 /* ParseUI.framework */ = {isa = PBXFileReference; lastKnownFileType = wrapper.framework; name = ParseUI.framework; path = "../../../../Downloads/parse-library-1.7.1/ParseUI.framework"; sourceTree = "<group>"; };
		D18F909E1AECBBC1005F89DF /* LogoTextbook.png */ = {isa = PBXFileReference; lastKnownFileType = image.png; path = LogoTextbook.png; sourceTree = "<group>"; };
		D18F909F1AECBBC1005F89DF /* LOGOtextbook.svg */ = {isa = PBXFileReference; fileEncoding = 4; lastKnownFileType = text.xml; path = LOGOtextbook.svg; sourceTree = "<group>"; };
		D1A8EB051AEC347900732D29 /* MyBooksViewController.swift */ = {isa = PBXFileReference; fileEncoding = 4; lastKnownFileType = sourcecode.swift; path = MyBooksViewController.swift; sourceTree = "<group>"; };
		D1A8EB061AEC347900732D29 /* Textbook.swift */ = {isa = PBXFileReference; fileEncoding = 4; lastKnownFileType = sourcecode.swift; path = Textbook.swift; sourceTree = "<group>"; };
		D1A8EB071AEC347900732D29 /* TextbookCreatorViewController.swift */ = {isa = PBXFileReference; fileEncoding = 4; lastKnownFileType = sourcecode.swift; path = TextbookCreatorViewController.swift; sourceTree = "<group>"; };
		D1A8EB0B1AEC370800732D29 /* Util.swift */ = {isa = PBXFileReference; fileEncoding = 4; lastKnownFileType = sourcecode.swift; path = Util.swift; sourceTree = "<group>"; };
/* End PBXFileReference section */

/* Begin PBXFrameworksBuildPhase section */
		2E7292F31AEC542200546E21 /* Frameworks */ = {
			isa = PBXFrameworksBuildPhase;
			buildActionMask = 2147483647;
			files = (
				2E7293201AEC561300546E21 /* libsqlite3.dylib in Frameworks */,
				B96AA8EF1AEC7761001027F8 /* Bolts.framework in Frameworks */,
				B96AA8F01AEC7761001027F8 /* Parse.framework in Frameworks */,
				B96AA8F11AEC7761001027F8 /* ParseCrashReporting.framework in Frameworks */,
				B96AA8F21AEC7761001027F8 /* ParseFacebookUtils.framework in Frameworks */,
				B96AA8F31AEC7761001027F8 /* ParseFacebookUtilsV4.framework in Frameworks */,
				B96AA8F41AEC7761001027F8 /* ParseUI.framework in Frameworks */,
				2E72931F1AEC560D00546E21 /* SystemConfiguration.framework in Frameworks */,
				2E72931E1AEC560700546E21 /* StoreKit.framework in Frameworks */,
				2E72931D1AEC560200546E21 /* Security.framework in Frameworks */,
				2E72931C1AEC55FB00546E21 /* QuartzCore.framework in Frameworks */,
				2E72931B1AEC55F700546E21 /* MobileCoreServices.framework in Frameworks */,
				2E72931A1AEC55F200546E21 /* libz.dylib in Frameworks */,
				2E7293191AEC55ED00546E21 /* CoreLocation.framework in Frameworks */,
				2E7293181AEC55E600546E21 /* CoreGraphics.framework in Frameworks */,
				2E7293171AEC55E200546E21 /* Foundation.framework in Frameworks */,
				2E7293161AEC55DE00546E21 /* AudioToolbox.framework in Frameworks */,
			);
			runOnlyForDeploymentPostprocessing = 0;
		};
		B96098431AEBC558007D6DC1 /* Frameworks */ = {
			isa = PBXFrameworksBuildPhase;
			buildActionMask = 2147483647;
			files = (
				B9D05B271AEC1A8E00438889 /* Accounts.framework in Frameworks */,
				B9D05B251AEC1A8900438889 /* Social.framework in Frameworks */,
				2EE86FD81AEBC93C004CF838 /* AudioToolbox.framework in Frameworks */,
				2EE86FD61AEBC936004CF838 /* Foundation.framework in Frameworks */,
				D165EA611AEC5C1000C8E305 /* Parse.framework in Frameworks */,
				D165EA631AEC5C1000C8E305 /* ParseFacebookUtils.framework in Frameworks */,
				2EE86FD41AEBC931004CF838 /* CoreGraphics.framework in Frameworks */,
				2EE86FD21AEBC92C004CF838 /* CoreLocation.framework in Frameworks */,
				2EE86FD01AEBC918004CF838 /* libz.dylib in Frameworks */,
				2EE86FCE1AEBC8F2004CF838 /* MobileCoreServices.framework in Frameworks */,
				D165EA651AEC5C1000C8E305 /* ParseUI.framework in Frameworks */,
				2EE86FCC1AEBC8ED004CF838 /* QuartzCore.framework in Frameworks */,
				2EE86FCA1AEBC8E8004CF838 /* Security.framework in Frameworks */,
				2EE86FC81AEBC8DF004CF838 /* StoreKit.framework in Frameworks */,
				2EE86FC61AEBC8DA004CF838 /* SystemConfiguration.framework in Frameworks */,
				D165EA641AEC5C1000C8E305 /* ParseFacebookUtilsV4.framework in Frameworks */,
				2EE86FC41AEBC8D3004CF838 /* libsqlite3.dylib in Frameworks */,
				D165EA601AEC5C1000C8E305 /* Bolts.framework in Frameworks */,
				D165EA621AEC5C1000C8E305 /* ParseCrashReporting.framework in Frameworks */,
			);
			runOnlyForDeploymentPostprocessing = 0;
		};
		B96098581AEBC558007D6DC1 /* Frameworks */ = {
			isa = PBXFrameworksBuildPhase;
			buildActionMask = 2147483647;
			files = (
			);
			runOnlyForDeploymentPostprocessing = 0;
		};
/* End PBXFrameworksBuildPhase section */

/* Begin PBXGroup section */
		2E7292F71AEC542200546E21 /* TextbookApp WatchKit Extension */ = {
			isa = PBXGroup;
			children = (
				2E7292FA1AEC542200546E21 /* InterfaceController.swift */,
				2E7292FC1AEC542200546E21 /* Images.xcassets */,
				2E7292F81AEC542200546E21 /* Supporting Files */,
			);
			path = "TextbookApp WatchKit Extension";
			sourceTree = "<group>";
		};
		2E7292F81AEC542200546E21 /* Supporting Files */ = {
			isa = PBXGroup;
			children = (
				2E7292F91AEC542200546E21 /* Info.plist */,
			);
			name = "Supporting Files";
			sourceTree = "<group>";
		};
		2E7293041AEC542200546E21 /* TextbookApp WatchKit App */ = {
			isa = PBXGroup;
			children = (
				2E7293071AEC542200546E21 /* Interface.storyboard */,
				2E7293051AEC542200546E21 /* Supporting Files */,
			);
			path = "TextbookApp WatchKit App";
			sourceTree = "<group>";
		};
		2E7293051AEC542200546E21 /* Supporting Files */ = {
			isa = PBXGroup;
			children = (
				2E7293061AEC542200546E21 /* Info.plist */,
			);
			name = "Supporting Files";
			sourceTree = "<group>";
		};
		2EE86FD91AEBC95A004CF838 /* Frameworks */ = {
			isa = PBXGroup;
			children = (
				B96AA8E91AEC7761001027F8 /* Bolts.framework */,
				B96AA8EA1AEC7761001027F8 /* Parse.framework */,
				B96AA8EB1AEC7761001027F8 /* ParseCrashReporting.framework */,
				B96AA8EC1AEC7761001027F8 /* ParseFacebookUtils.framework */,
				B96AA8ED1AEC7761001027F8 /* ParseFacebookUtilsV4.framework */,
				B96AA8EE1AEC7761001027F8 /* ParseUI.framework */,
				D165EA5A1AEC5C1000C8E305 /* Bolts.framework */,
				D165EA5B1AEC5C1000C8E305 /* Parse.framework */,
				D165EA5C1AEC5C1000C8E305 /* ParseCrashReporting.framework */,
				D165EA5D1AEC5C1000C8E305 /* ParseFacebookUtils.framework */,
				D165EA5E1AEC5C1000C8E305 /* ParseFacebookUtilsV4.framework */,
				D165EA5F1AEC5C1000C8E305 /* ParseUI.framework */,
				B9D05B261AEC1A8E00438889 /* Accounts.framework */,
				B9D05B241AEC1A8900438889 /* Social.framework */,
				2EE86FC31AEBC8D3004CF838 /* libsqlite3.dylib */,
				2EE86FD71AEBC93C004CF838 /* AudioToolbox.framework */,
				2EE86FD51AEBC936004CF838 /* Foundation.framework */,
				2EE86FD31AEBC931004CF838 /* CoreGraphics.framework */,
				2EE86FD11AEBC92C004CF838 /* CoreLocation.framework */,
				2EE86FCF1AEBC918004CF838 /* libz.dylib */,
				2EE86FCD1AEBC8F2004CF838 /* MobileCoreServices.framework */,
				2EE86FCB1AEBC8ED004CF838 /* QuartzCore.framework */,
				2EE86FC91AEBC8E8004CF838 /* Security.framework */,
				2EE86FC71AEBC8DF004CF838 /* StoreKit.framework */,
				2EE86FC51AEBC8DA004CF838 /* SystemConfiguration.framework */,
				2EE86FE61AEBC9F5004CF838 /* TextbookApp-Bridging-Header.h */,
			);
			name = Frameworks;
			sourceTree = "<group>";
		};
		B960983D1AEBC558007D6DC1 = {
			isa = PBXGroup;
			children = (
				B9814B121AECD3970070A321 /* LOGO Icon small.png */,
				B9814B0E1AECD1D00070A321 /* LOGOtextbookSCREEN.png */,
				B9814B091AECCD340070A321 /* Info.plist */,
				B9814B071AECCD190070A321 /* Launch Screen.xib */,
				2E7292F71AEC542200546E21 /* TextbookApp WatchKit Extension */,
				2E7293041AEC542200546E21 /* TextbookApp WatchKit App */,
				2EE86FD91AEBC95A004CF838 /* Frameworks */,
				B96098481AEBC558007D6DC1 /* TextbookApp */,
				B960985E1AEBC558007D6DC1 /* TextbookAppTests */,
				B96098471AEBC558007D6DC1 /* Products */,
			);
			sourceTree = "<group>";
		};
		B96098471AEBC558007D6DC1 /* Products */ = {
			isa = PBXGroup;
			children = (
				B96098461AEBC558007D6DC1 /* TextbookApp.app */,
				B960985B1AEBC558007D6DC1 /* TextbookAppTests.xctest */,
				2E7292F61AEC542200546E21 /* TextbookApp WatchKit Extension.appex */,
				2E7293001AEC542200546E21 /* TextbookApp WatchKit App.app */,
			);
			name = Products;
			sourceTree = "<group>";
		};
		B96098481AEBC558007D6DC1 /* TextbookApp */ = {
			isa = PBXGroup;
			children = (
				B9814B051AECCA750070A321 /* LogoTextbook.png */,
				2EBCAA741AEC76CA006B39B8 /* DetailsTableViewController.swift */,
				B960989D1AEBE38D007D6DC1 /* Chats */,
				B960984B1AEBC558007D6DC1 /* AppDelegate.swift */,
				D1A8EB051AEC347900732D29 /* MyBooksViewController.swift */,
				D1A8EB0B1AEC370800732D29 /* Util.swift */,
				D1A8EB061AEC347900732D29 /* Textbook.swift */,
				D1A8EB071AEC347900732D29 /* TextbookCreatorViewController.swift */,
				B960984F1AEBC558007D6DC1 /* Main.storyboard */,
				2E063DAB1AEC97E500E624F9 /* SearchViewController.swift */,
				2EE86FE91AEBD151004CF838 /* browseTableViewController.swift */,
				2E2A030C1AEC0E2D00113A67 /* addBookCourseListTableViewController.swift */,
				2E2A030A1AEC0A6900113A67 /* textbooksTableViewController.swift */,
				B9D05B221AEC1A0500438889 /* StartTabBarController.swift */,
			);
			path = TextbookApp;
			sourceTree = "<group>";
		};
		B960985E1AEBC558007D6DC1 /* TextbookAppTests */ = {
			isa = PBXGroup;
			children = (
				B96098611AEBC558007D6DC1 /* TextbookAppTests.swift */,
				B960985F1AEBC558007D6DC1 /* Supporting Files */,
			);
			path = TextbookAppTests;
			sourceTree = "<group>";
		};
		B960985F1AEBC558007D6DC1 /* Supporting Files */ = {
			isa = PBXGroup;
			children = (
				B96098601AEBC558007D6DC1 /* Info.plist */,
			);
			name = "Supporting Files";
			sourceTree = "<group>";
		};
		B960989D1AEBE38D007D6DC1 /* Chats */ = {
			isa = PBXGroup;
			children = (
				B96098C61AEBF9D7007D6DC1 /* Views */,
				B96098C51AEBF9B4007D6DC1 /* View Controllers */,
				B96098C41AEBEBFF007D6DC1 /* Models */,
				B96098A51AEBE38D007D6DC1 /* Images.xcassets */,
			);
			path = Chats;
			sourceTree = "<group>";
		};
		B96098C41AEBEBFF007D6DC1 /* Models */ = {
			isa = PBXGroup;
			children = (
				B96098A81AEBE38D007D6DC1 /* Message.swift */,
				B96098A01AEBE38D007D6DC1 /* Chat.swift */,
			);
			name = Models;
			sourceTree = "<group>";
		};
		B96098C51AEBF9B4007D6DC1 /* View Controllers */ = {
			isa = PBXGroup;
			children = (
				B96098A21AEBE38D007D6DC1 /* ChatsViewController.swift */,
				B96098A31AEBE38D007D6DC1 /* ChatViewController.swift */,
			);
			name = "View Controllers";
			sourceTree = "<group>";
		};
		B96098C61AEBF9D7007D6DC1 /* Views */ = {
			isa = PBXGroup;
			children = (
				B96098AC1AEBE38D007D6DC1 /* MessageSentDateCell.swift */,
				B96098A91AEBE38D007D6DC1 /* MessageBubbleCell.swift */,
				B96098A11AEBE38D007D6DC1 /* ChatCell.swift */,
				B96098AD1AEBE38D007D6DC1 /* PlaceholderTextView.swift */,
				B96098AF1AEBE38D007D6DC1 /* UserCell.swift */,
			);
			name = Views;
			sourceTree = "<group>";
		};
/* End PBXGroup section */

/* Begin PBXNativeTarget section */
		2E7292F51AEC542200546E21 /* TextbookApp WatchKit Extension */ = {
			isa = PBXNativeTarget;
			buildConfigurationList = 2E7293141AEC542200546E21 /* Build configuration list for PBXNativeTarget "TextbookApp WatchKit Extension" */;
			buildPhases = (
				2E7292F21AEC542200546E21 /* Sources */,
				2E7292F31AEC542200546E21 /* Frameworks */,
				2E7292F41AEC542200546E21 /* Resources */,
			);
			buildRules = (
			);
			dependencies = (
				2E7293031AEC542200546E21 /* PBXTargetDependency */,
			);
			name = "TextbookApp WatchKit Extension";
			productName = "TextbookApp WatchKit Extension";
			productReference = 2E7292F61AEC542200546E21 /* TextbookApp WatchKit Extension.appex */;
			productType = "com.apple.product-type.watchkit-extension";
		};
		2E7292FF1AEC542200546E21 /* TextbookApp WatchKit App */ = {
			isa = PBXNativeTarget;
			buildConfigurationList = 2E7293131AEC542200546E21 /* Build configuration list for PBXNativeTarget "TextbookApp WatchKit App" */;
			buildPhases = (
				2E7292FE1AEC542200546E21 /* Resources */,
			);
			buildRules = (
			);
			dependencies = (
			);
			name = "TextbookApp WatchKit App";
			productName = "TextbookApp WatchKit App";
			productReference = 2E7293001AEC542200546E21 /* TextbookApp WatchKit App.app */;
			productType = "com.apple.product-type.application.watchapp";
		};
		B96098451AEBC558007D6DC1 /* TextbookApp */ = {
			isa = PBXNativeTarget;
			buildConfigurationList = B96098651AEBC558007D6DC1 /* Build configuration list for PBXNativeTarget "TextbookApp" */;
			buildPhases = (
				B96098421AEBC558007D6DC1 /* Sources */,
				B96098431AEBC558007D6DC1 /* Frameworks */,
				B96098441AEBC558007D6DC1 /* Resources */,
				2E7293151AEC542200546E21 /* Embed App Extensions */,
			);
			buildRules = (
			);
			dependencies = (
				2E72930D1AEC542200546E21 /* PBXTargetDependency */,
			);
			name = TextbookApp;
			productName = TextbookApp;
			productReference = B96098461AEBC558007D6DC1 /* TextbookApp.app */;
			productType = "com.apple.product-type.application";
		};
		B960985A1AEBC558007D6DC1 /* TextbookAppTests */ = {
			isa = PBXNativeTarget;
			buildConfigurationList = B96098681AEBC558007D6DC1 /* Build configuration list for PBXNativeTarget "TextbookAppTests" */;
			buildPhases = (
				B96098571AEBC558007D6DC1 /* Sources */,
				B96098581AEBC558007D6DC1 /* Frameworks */,
				B96098591AEBC558007D6DC1 /* Resources */,
			);
			buildRules = (
			);
			dependencies = (
				B960985D1AEBC558007D6DC1 /* PBXTargetDependency */,
			);
			name = TextbookAppTests;
			productName = TextbookAppTests;
			productReference = B960985B1AEBC558007D6DC1 /* TextbookAppTests.xctest */;
			productType = "com.apple.product-type.bundle.unit-test";
		};
/* End PBXNativeTarget section */

/* Begin PBXProject section */
		B960983E1AEBC558007D6DC1 /* Project object */ = {
			isa = PBXProject;
			attributes = {
				LastUpgradeCheck = 0630;
				ORGANIZATIONNAME = "Forest Tong";
				TargetAttributes = {
					2E7292F51AEC542200546E21 = {
						CreatedOnToolsVersion = 6.3;
					};
					2E7292FF1AEC542200546E21 = {
						CreatedOnToolsVersion = 6.3;
					};
					B96098451AEBC558007D6DC1 = {
						CreatedOnToolsVersion = 6.3;
					};
					B960985A1AEBC558007D6DC1 = {
						CreatedOnToolsVersion = 6.3;
						TestTargetID = B96098451AEBC558007D6DC1;
					};
				};
			};
			buildConfigurationList = B96098411AEBC558007D6DC1 /* Build configuration list for PBXProject "TextbookApp" */;
			compatibilityVersion = "Xcode 3.2";
			developmentRegion = English;
			hasScannedForEncodings = 0;
			knownRegions = (
				en,
				Base,
			);
			mainGroup = B960983D1AEBC558007D6DC1;
			productRefGroup = B96098471AEBC558007D6DC1 /* Products */;
			projectDirPath = "";
			projectRoot = "";
			targets = (
				B96098451AEBC558007D6DC1 /* TextbookApp */,
				B960985A1AEBC558007D6DC1 /* TextbookAppTests */,
				2E7292F51AEC542200546E21 /* TextbookApp WatchKit Extension */,
				2E7292FF1AEC542200546E21 /* TextbookApp WatchKit App */,
			);
		};
/* End PBXProject section */

/* Begin PBXResourcesBuildPhase section */
		2E7292F41AEC542200546E21 /* Resources */ = {
			isa = PBXResourcesBuildPhase;
			buildActionMask = 2147483647;
			files = (
				2E7293011AEC542200546E21 /* TextbookApp WatchKit App.app in Resources */,
				2E7292FD1AEC542200546E21 /* Images.xcassets in Resources */,
			);
			runOnlyForDeploymentPostprocessing = 0;
		};
		2E7292FE1AEC542200546E21 /* Resources */ = {
			isa = PBXResourcesBuildPhase;
			buildActionMask = 2147483647;
			files = (
				2E7293091AEC542200546E21 /* Interface.storyboard in Resources */,
			);
			runOnlyForDeploymentPostprocessing = 0;
		};
		B96098441AEBC558007D6DC1 /* Resources */ = {
			isa = PBXResourcesBuildPhase;
			buildActionMask = 2147483647;
			files = (
				B9814B0F1AECD1D00070A321 /* LOGOtextbookSCREEN.png in Resources */,
				B9814B0B1AECD0C60070A321 /* Main.storyboard in Resources */,
				B9814B061AECCA750070A321 /* LogoTextbook.png in Resources */,
				B9814B081AECCD190070A321 /* Launch Screen.xib in Resources */,
				B9814B131AECD3970070A321 /* LOGO Icon small.png in Resources */,
				B9814B0A1AECCD340070A321 /* Info.plist in Resources */,
				B96098B71AEBE38D007D6DC1 /* Images.xcassets in Resources */,
			);
			runOnlyForDeploymentPostprocessing = 0;
		};
		B96098591AEBC558007D6DC1 /* Resources */ = {
			isa = PBXResourcesBuildPhase;
			buildActionMask = 2147483647;
			files = (
			);
			runOnlyForDeploymentPostprocessing = 0;
		};
/* End PBXResourcesBuildPhase section */

/* Begin PBXSourcesBuildPhase section */
		2E7292F21AEC542200546E21 /* Sources */ = {
			isa = PBXSourcesBuildPhase;
			buildActionMask = 2147483647;
			files = (
				2E7292FB1AEC542200546E21 /* InterfaceController.swift in Sources */,
			);
			runOnlyForDeploymentPostprocessing = 0;
		};
		B96098421AEBC558007D6DC1 /* Sources */ = {
			isa = PBXSourcesBuildPhase;
			buildActionMask = 2147483647;
			files = (
				D1A8EB0D1AEC3A1200732D29 /* browseTableViewController.swift in Sources */,
				D1A8EB0E1AEC3A1200732D29 /* addBookCourseListTableViewController.swift in Sources */,
				2EBCAA751AEC76CA006B39B8 /* DetailsTableViewController.swift in Sources */,
				D1A8EB0F1AEC3A1200732D29 /* textbooksTableViewController.swift in Sources */,
				B9D05B231AEC1A0500438889 /* StartTabBarController.swift in Sources */,
				D1A8EB091AEC347900732D29 /* Textbook.swift in Sources */,
				B96098BE1AEBE38D007D6DC1 /* MessageSentDateCell.swift in Sources */,
				D1A8EB081AEC347900732D29 /* MyBooksViewController.swift in Sources */,
				D1A8EB0A1AEC347900732D29 /* TextbookCreatorViewController.swift in Sources */,
				B96098B21AEBE38D007D6DC1 /* Chat.swift in Sources */,
				2E063DAC1AEC97E500E624F9 /* SearchViewController.swift in Sources */,
				B96098BF1AEBE38D007D6DC1 /* PlaceholderTextView.swift in Sources */,
				B960984C1AEBC558007D6DC1 /* AppDelegate.swift in Sources */,
				B96098C11AEBE38D007D6DC1 /* UserCell.swift in Sources */,
				B96098BA1AEBE38D007D6DC1 /* Message.swift in Sources */,
				D1A8EB0C1AEC370800732D29 /* Util.swift in Sources */,
				B96098B51AEBE38D007D6DC1 /* ChatViewController.swift in Sources */,
				B96098B31AEBE38D007D6DC1 /* ChatCell.swift in Sources */,
				B96098B41AEBE38D007D6DC1 /* ChatsViewController.swift in Sources */,
				B96098BB1AEBE38D007D6DC1 /* MessageBubbleCell.swift in Sources */,
			);
			runOnlyForDeploymentPostprocessing = 0;
		};
		B96098571AEBC558007D6DC1 /* Sources */ = {
			isa = PBXSourcesBuildPhase;
			buildActionMask = 2147483647;
			files = (
				B96098621AEBC558007D6DC1 /* TextbookAppTests.swift in Sources */,
			);
			runOnlyForDeploymentPostprocessing = 0;
		};
/* End PBXSourcesBuildPhase section */

/* Begin PBXTargetDependency section */
		2E7293031AEC542200546E21 /* PBXTargetDependency */ = {
			isa = PBXTargetDependency;
			target = 2E7292FF1AEC542200546E21 /* TextbookApp WatchKit App */;
			targetProxy = 2E7293021AEC542200546E21 /* PBXContainerItemProxy */;
		};
		2E72930D1AEC542200546E21 /* PBXTargetDependency */ = {
			isa = PBXTargetDependency;
			target = 2E7292F51AEC542200546E21 /* TextbookApp WatchKit Extension */;
			targetProxy = 2E72930C1AEC542200546E21 /* PBXContainerItemProxy */;
		};
		B960985D1AEBC558007D6DC1 /* PBXTargetDependency */ = {
			isa = PBXTargetDependency;
			target = B96098451AEBC558007D6DC1 /* TextbookApp */;
			targetProxy = B960985C1AEBC558007D6DC1 /* PBXContainerItemProxy */;
		};
/* End PBXTargetDependency section */

/* Begin PBXVariantGroup section */
		2E7293071AEC542200546E21 /* Interface.storyboard */ = {
			isa = PBXVariantGroup;
			children = (
				2E7293081AEC542200546E21 /* Base */,
			);
			name = Interface.storyboard;
			sourceTree = "<group>";
		};
		B960984F1AEBC558007D6DC1 /* Main.storyboard */ = {
			isa = PBXVariantGroup;
			children = (
				B96098501AEBC558007D6DC1 /* Base */,
			);
			name = Main.storyboard;
			sourceTree = "<group>";
		};
/* End PBXVariantGroup section */

/* Begin XCBuildConfiguration section */
		2E72930F1AEC542200546E21 /* Debug */ = {
			isa = XCBuildConfiguration;
			buildSettings = {
				FRAMEWORK_SEARCH_PATHS = (
					"$(inherited)",
					"/Users/kevingerami/Downloads/parse-library-1-6",
					"/Users/danielgalvez/Downloads/parse-library-1.7.1",
					"/Users/ftong/Documents/parse-library-1.7.1",
				);
				GCC_PREPROCESSOR_DEFINITIONS = (
					"DEBUG=1",
					"$(inherited)",
				);
				INFOPLIST_FILE = "TextbookApp WatchKit Extension/Info.plist";
				LD_RUNPATH_SEARCH_PATHS = "$(inherited) @executable_path/Frameworks @executable_path/../../Frameworks";
				PRODUCT_NAME = "${TARGET_NAME}";
				SKIP_INSTALL = YES;
				SWIFT_OBJC_BRIDGING_HEADER = "TextbookApp-Bridging-Header.h";
			};
			name = Debug;
		};
		2E7293101AEC542200546E21 /* Release */ = {
			isa = XCBuildConfiguration;
			buildSettings = {
				FRAMEWORK_SEARCH_PATHS = (
					"$(inherited)",
					"/Users/kevingerami/Downloads/parse-library-1-6",
					"/Users/danielgalvez/Downloads/parse-library-1.7.1",
					"/Users/ftong/Documents/parse-library-1.7.1",
				);
				INFOPLIST_FILE = "TextbookApp WatchKit Extension/Info.plist";
				LD_RUNPATH_SEARCH_PATHS = "$(inherited) @executable_path/Frameworks @executable_path/../../Frameworks";
				PRODUCT_NAME = "${TARGET_NAME}";
				SKIP_INSTALL = YES;
				SWIFT_OBJC_BRIDGING_HEADER = "TextbookApp-Bridging-Header.h";
			};
			name = Release;
		};
		2E7293111AEC542200546E21 /* Debug */ = {
			isa = XCBuildConfiguration;
			buildSettings = {
				ASSETCATALOG_COMPILER_APPICON_NAME = AppIcon;
				GCC_PREPROCESSOR_DEFINITIONS = (
					"DEBUG=1",
					"$(inherited)",
				);
				IBSC_MODULE = TextbookApp_WatchKit_Extension;
				INFOPLIST_FILE = "TextbookApp WatchKit App/Info.plist";
				IPHONEOS_DEPLOYMENT_TARGET = 8.2;
				PRODUCT_NAME = "$(TARGET_NAME)";
				SKIP_INSTALL = YES;
				TARGETED_DEVICE_FAMILY = 4;
				"TARGETED_DEVICE_FAMILY[sdk=iphonesimulator*]" = "1,4";
			};
			name = Debug;
		};
		2E7293121AEC542200546E21 /* Release */ = {
			isa = XCBuildConfiguration;
			buildSettings = {
				ASSETCATALOG_COMPILER_APPICON_NAME = AppIcon;
				IBSC_MODULE = TextbookApp_WatchKit_Extension;
				INFOPLIST_FILE = "TextbookApp WatchKit App/Info.plist";
				IPHONEOS_DEPLOYMENT_TARGET = 8.2;
				PRODUCT_NAME = "$(TARGET_NAME)";
				SKIP_INSTALL = YES;
				TARGETED_DEVICE_FAMILY = 4;
				"TARGETED_DEVICE_FAMILY[sdk=iphonesimulator*]" = "1,4";
			};
			name = Release;
		};
		B96098631AEBC558007D6DC1 /* Debug */ = {
			isa = XCBuildConfiguration;
			buildSettings = {
				ALWAYS_SEARCH_USER_PATHS = NO;
				CLANG_CXX_LANGUAGE_STANDARD = "gnu++0x";
				CLANG_CXX_LIBRARY = "libc++";
				CLANG_ENABLE_MODULES = YES;
				CLANG_ENABLE_OBJC_ARC = YES;
				CLANG_WARN_BOOL_CONVERSION = YES;
				CLANG_WARN_CONSTANT_CONVERSION = YES;
				CLANG_WARN_DIRECT_OBJC_ISA_USAGE = YES_ERROR;
				CLANG_WARN_EMPTY_BODY = YES;
				CLANG_WARN_ENUM_CONVERSION = YES;
				CLANG_WARN_INT_CONVERSION = YES;
				CLANG_WARN_OBJC_ROOT_CLASS = YES_ERROR;
				CLANG_WARN_UNREACHABLE_CODE = YES;
				CLANG_WARN__DUPLICATE_METHOD_MATCH = YES;
				"CODE_SIGN_IDENTITY[sdk=iphoneos*]" = "iPhone Developer";
				COPY_PHASE_STRIP = NO;
				DEBUG_INFORMATION_FORMAT = "dwarf-with-dsym";
				ENABLE_STRICT_OBJC_MSGSEND = YES;
				GCC_C_LANGUAGE_STANDARD = gnu99;
				GCC_DYNAMIC_NO_PIC = NO;
				GCC_NO_COMMON_BLOCKS = YES;
				GCC_OPTIMIZATION_LEVEL = 0;
				GCC_PREPROCESSOR_DEFINITIONS = (
					"DEBUG=1",
					"$(inherited)",
				);
				GCC_SYMBOLS_PRIVATE_EXTERN = NO;
				GCC_WARN_64_TO_32_BIT_CONVERSION = YES;
				GCC_WARN_ABOUT_RETURN_TYPE = YES_ERROR;
				GCC_WARN_UNDECLARED_SELECTOR = YES;
				GCC_WARN_UNINITIALIZED_AUTOS = YES_AGGRESSIVE;
				GCC_WARN_UNUSED_FUNCTION = YES;
				GCC_WARN_UNUSED_VARIABLE = YES;
				IPHONEOS_DEPLOYMENT_TARGET = 8.3;
				MTL_ENABLE_DEBUG_INFO = YES;
				ONLY_ACTIVE_ARCH = YES;
				SDKROOT = iphoneos;
				SWIFT_OPTIMIZATION_LEVEL = "-Onone";
			};
			name = Debug;
		};
		B96098641AEBC558007D6DC1 /* Release */ = {
			isa = XCBuildConfiguration;
			buildSettings = {
				ALWAYS_SEARCH_USER_PATHS = NO;
				CLANG_CXX_LANGUAGE_STANDARD = "gnu++0x";
				CLANG_CXX_LIBRARY = "libc++";
				CLANG_ENABLE_MODULES = YES;
				CLANG_ENABLE_OBJC_ARC = YES;
				CLANG_WARN_BOOL_CONVERSION = YES;
				CLANG_WARN_CONSTANT_CONVERSION = YES;
				CLANG_WARN_DIRECT_OBJC_ISA_USAGE = YES_ERROR;
				CLANG_WARN_EMPTY_BODY = YES;
				CLANG_WARN_ENUM_CONVERSION = YES;
				CLANG_WARN_INT_CONVERSION = YES;
				CLANG_WARN_OBJC_ROOT_CLASS = YES_ERROR;
				CLANG_WARN_UNREACHABLE_CODE = YES;
				CLANG_WARN__DUPLICATE_METHOD_MATCH = YES;
				"CODE_SIGN_IDENTITY[sdk=iphoneos*]" = "iPhone Developer";
				COPY_PHASE_STRIP = NO;
				DEBUG_INFORMATION_FORMAT = "dwarf-with-dsym";
				ENABLE_NS_ASSERTIONS = NO;
				ENABLE_STRICT_OBJC_MSGSEND = YES;
				GCC_C_LANGUAGE_STANDARD = gnu99;
				GCC_NO_COMMON_BLOCKS = YES;
				GCC_WARN_64_TO_32_BIT_CONVERSION = YES;
				GCC_WARN_ABOUT_RETURN_TYPE = YES_ERROR;
				GCC_WARN_UNDECLARED_SELECTOR = YES;
				GCC_WARN_UNINITIALIZED_AUTOS = YES_AGGRESSIVE;
				GCC_WARN_UNUSED_FUNCTION = YES;
				GCC_WARN_UNUSED_VARIABLE = YES;
				IPHONEOS_DEPLOYMENT_TARGET = 8.3;
				MTL_ENABLE_DEBUG_INFO = NO;
				SDKROOT = iphoneos;
				VALIDATE_PRODUCT = YES;
			};
			name = Release;
		};
		B96098661AEBC558007D6DC1 /* Debug */ = {
			isa = XCBuildConfiguration;
			buildSettings = {
				ASSETCATALOG_COMPILER_APPICON_NAME = AppIcon;
				ASSETCATALOG_COMPILER_LAUNCHIMAGE_NAME = LaunchImage;
				FRAMEWORK_SEARCH_PATHS = (
					"$(inherited)",
					"/Users/kevingerami/Downloads/parse-library-1-5",
					"/Users/ftong/Documents/parse-library-1.7.1",
					"/Users/danielgalvez/Downloads/parse-library-1.7.1",
					"/Users/kevingerami/Downloads/parse-library-1-6",
				);
				INFOPLIST_FILE = TextbookApp/Info.plist;
				LD_RUNPATH_SEARCH_PATHS = "$(inherited) @executable_path/Frameworks";
				PRODUCT_NAME = "$(TARGET_NAME)";
				SWIFT_OBJC_BRIDGING_HEADER = "TextbookApp-Bridging-Header.h";
			};
			name = Debug;
		};
		B96098671AEBC558007D6DC1 /* Release */ = {
			isa = XCBuildConfiguration;
			buildSettings = {
				ASSETCATALOG_COMPILER_APPICON_NAME = AppIcon;
				ASSETCATALOG_COMPILER_LAUNCHIMAGE_NAME = LaunchImage;
				FRAMEWORK_SEARCH_PATHS = (
					"$(inherited)",
					"/Users/kevingerami/Downloads/parse-library-1-5",
					"/Users/ftong/Documents/parse-library-1.7.1",
					"/Users/danielgalvez/Downloads/parse-library-1.7.1",
					"/Users/kevingerami/Downloads/parse-library-1-6",
				);
				INFOPLIST_FILE = TextbookApp/Info.plist;
				LD_RUNPATH_SEARCH_PATHS = "$(inherited) @executable_path/Frameworks";
				PRODUCT_NAME = "$(TARGET_NAME)";
				SWIFT_OBJC_BRIDGING_HEADER = "TextbookApp-Bridging-Header.h";
			};
			name = Release;
		};
		B96098691AEBC558007D6DC1 /* Debug */ = {
			isa = XCBuildConfiguration;
			buildSettings = {
				BUNDLE_LOADER = "$(TEST_HOST)";
				FRAMEWORK_SEARCH_PATHS = (
					"$(SDKROOT)/Developer/Library/Frameworks",
					"$(inherited)",
				);
				GCC_PREPROCESSOR_DEFINITIONS = (
					"DEBUG=1",
					"$(inherited)",
				);
				INFOPLIST_FILE = TextbookAppTests/Info.plist;
				LD_RUNPATH_SEARCH_PATHS = "$(inherited) @executable_path/Frameworks @loader_path/Frameworks";
				PRODUCT_NAME = "$(TARGET_NAME)";
				TEST_HOST = "$(BUILT_PRODUCTS_DIR)/TextbookApp.app/TextbookApp";
			};
			name = Debug;
		};
		B960986A1AEBC558007D6DC1 /* Release */ = {
			isa = XCBuildConfiguration;
			buildSettings = {
				BUNDLE_LOADER = "$(TEST_HOST)";
				FRAMEWORK_SEARCH_PATHS = (
					"$(SDKROOT)/Developer/Library/Frameworks",
					"$(inherited)",
				);
				INFOPLIST_FILE = TextbookAppTests/Info.plist;
				LD_RUNPATH_SEARCH_PATHS = "$(inherited) @executable_path/Frameworks @loader_path/Frameworks";
				PRODUCT_NAME = "$(TARGET_NAME)";
				TEST_HOST = "$(BUILT_PRODUCTS_DIR)/TextbookApp.app/TextbookApp";
			};
			name = Release;
		};
/* End XCBuildConfiguration section */

/* Begin XCConfigurationList section */
		2E7293131AEC542200546E21 /* Build configuration list for PBXNativeTarget "TextbookApp WatchKit App" */ = {
			isa = XCConfigurationList;
			buildConfigurations = (
				2E7293111AEC542200546E21 /* Debug */,
				2E7293121AEC542200546E21 /* Release */,
			);
			defaultConfigurationIsVisible = 0;
			defaultConfigurationName = Release;
		};
		2E7293141AEC542200546E21 /* Build configuration list for PBXNativeTarget "TextbookApp WatchKit Extension" */ = {
			isa = XCConfigurationList;
			buildConfigurations = (
				2E72930F1AEC542200546E21 /* Debug */,
				2E7293101AEC542200546E21 /* Release */,
			);
			defaultConfigurationIsVisible = 0;
			defaultConfigurationName = Release;
		};
		B96098411AEBC558007D6DC1 /* Build configuration list for PBXProject "TextbookApp" */ = {
			isa = XCConfigurationList;
			buildConfigurations = (
				B96098631AEBC558007D6DC1 /* Debug */,
				B96098641AEBC558007D6DC1 /* Release */,
			);
			defaultConfigurationIsVisible = 0;
			defaultConfigurationName = Release;
		};
		B96098651AEBC558007D6DC1 /* Build configuration list for PBXNativeTarget "TextbookApp" */ = {
			isa = XCConfigurationList;
			buildConfigurations = (
				B96098661AEBC558007D6DC1 /* Debug */,
				B96098671AEBC558007D6DC1 /* Release */,
			);
			defaultConfigurationIsVisible = 0;
			defaultConfigurationName = Release;
		};
		B96098681AEBC558007D6DC1 /* Build configuration list for PBXNativeTarget "TextbookAppTests" */ = {
			isa = XCConfigurationList;
			buildConfigurations = (
				B96098691AEBC558007D6DC1 /* Debug */,
				B960986A1AEBC558007D6DC1 /* Release */,
			);
			defaultConfigurationIsVisible = 0;
			defaultConfigurationName = Release;
		};
/* End XCConfigurationList section */
	};
	rootObject = B960983E1AEBC558007D6DC1 /* Project object */;
}
